
Microsoft Visual Studio Solution File, Format Version 12.00
# Visual Studio Version 17
VisualStudioVersion = 17.6.33723.286
MinimumVisualStudioVersion = 10.0.40219.1
Project("{2150E333-8FDC-42A3-9474-1A3956D46DE8}") = "Solution Items", "Solution Items", "{61FABA89-6A5A-4465-A56F-9D1DF4F03CC9}"
	ProjectSection(SolutionItems) = preProject
		.editorconfig = .editorconfig
		.gitignore = .gitignore
		.gitlab-ci.yml = .gitlab-ci.yml
		Directory.Build.props = Directory.Build.props
		nuget.config = nuget.config
		README.md = README.md
		stylecop.json = stylecop.json
	EndProjectSection
EndProject
Project("{2150E333-8FDC-42A3-9474-1A3956D46DE8}") = "Data", "Data", "{71078BC8-D038-4603-A84A-84BAFDEC4D8B}"
EndProject
Project("{2150E333-8FDC-42A3-9474-1A3956D46DE8}") = "Data", "Data", "{5900D8A8-135A-4ABA-9BA9-7977458DEF96}"
EndProject
Project("{2150E333-8FDC-42A3-9474-1A3956D46DE8}") = "Project Items", "Project Items", "{4DC6BE36-0A44-491B-9FCC-0858E8BB70BD}"
	ProjectSection(SolutionItems) = preProject
		src\Data\Data\README.md = src\Data\Data\README.md
	EndProjectSection
EndProject
Project("{9A19103F-16F7-4668-BE54-9A1E7A4F7556}") = "Gems.Data", "src\Data\Data\src\Gems.Data.csproj", "{E357D4FB-AE53-48B6-B57C-126B174E8829}"
EndProject
Project("{2150E333-8FDC-42A3-9474-1A3956D46DE8}") = "Npgsql", "Npgsql", "{C59BD8D8-9DE6-4C9C-A07D-18A4F5CE84CE}"
EndProject
Project("{9A19103F-16F7-4668-BE54-9A1E7A4F7556}") = "Gems.Data.Npgsql", "src\Data\Npgsql\src\Gems.Data.Npgsql.csproj", "{82A04DB5-A1E0-4D3F-8464-BBABC87E586F}"
EndProject
Project("{2150E333-8FDC-42A3-9474-1A3956D46DE8}") = "SqlServer", "SqlServer", "{82BC73FF-6471-4F45-82AE-4CAF794E7132}"
EndProject
Project("{9A19103F-16F7-4668-BE54-9A1E7A4F7556}") = "Gems.Data.SqlServer", "src\Data\SqlServer\src\Gems.Data.SqlServer.csproj", "{EA97517D-BE88-48A2-8C94-B6C61E1D01C8}"
EndProject
Project("{2150E333-8FDC-42A3-9474-1A3956D46DE8}") = "Extensions", "Extensions", "{91F85F9D-455D-4D75-86CE-E71650F07CD1}"
EndProject
Project("{2150E333-8FDC-42A3-9474-1A3956D46DE8}") = "DependencyInjection", "DependencyInjection", "{B579A5A9-C139-400B-94F8-20203324FA38}"
EndProject
Project("{9A19103F-16F7-4668-BE54-9A1E7A4F7556}") = "Gems.Extensions.DependencyInjection", "src\Extensions\DependencyInjection\src\Gems.Extensions.DependencyInjection.csproj", "{D1465D05-4A83-4962-9473-9AF80CBA0CCB}"
EndProject
Project("{2150E333-8FDC-42A3-9474-1A3956D46DE8}") = "Jobs", "Jobs", "{78B28C80-CE82-4DC1-88FA-37BA7DDF92E9}"
EndProject
Project("{2150E333-8FDC-42A3-9474-1A3956D46DE8}") = "Jobs", "Jobs", "{D489F283-B26F-48EE-B63E-9419ED9E1953}"
EndProject
Project("{9A19103F-16F7-4668-BE54-9A1E7A4F7556}") = "Gems.Jobs", "src\Jobs\Jobs\src\Gems.Jobs.csproj", "{0E552991-F217-4E7F-B47B-C37353FAE70E}"
EndProject
Project("{2150E333-8FDC-42A3-9474-1A3956D46DE8}") = "Project Items", "Project Items", "{1BE0E9D9-5D43-4222-90D9-7BDD721F4637}"
	ProjectSection(SolutionItems) = preProject
		src\Extensions\DependencyInjection\README.md = src\Extensions\DependencyInjection\README.md
	EndProjectSection
EndProject
Project("{2150E333-8FDC-42A3-9474-1A3956D46DE8}") = "Hangfire", "Hangfire", "{2F4C550D-C78D-467B-AA35-58BC01886A3D}"
EndProject
Project("{9A19103F-16F7-4668-BE54-9A1E7A4F7556}") = "Gems.Jobs.Hangfire", "src\Jobs\Hangfire\src\Gems.Jobs.Hangfire.csproj", "{F8BB760B-C508-40ED-ABD0-65082C75366C}"
EndProject
Project("{2150E333-8FDC-42A3-9474-1A3956D46DE8}") = "Project Items", "Project Items", "{72AD4ECF-ECDC-450B-9B10-1755BBE5CCA2}"
	ProjectSection(SolutionItems) = preProject
		src\Jobs\Hangfire\README.md = src\Jobs\Hangfire\README.md
	EndProjectSection
EndProject
Project("{2150E333-8FDC-42A3-9474-1A3956D46DE8}") = "Quartz", "Quartz", "{3A940E2B-58D2-477D-B831-05330C399E17}"
EndProject
Project("{2150E333-8FDC-42A3-9474-1A3956D46DE8}") = "Project Items", "Project Items", "{F56BCEB2-7970-4D33-8600-990C45F1D150}"
	ProjectSection(SolutionItems) = preProject
		src\Jobs\Quartz\README.md = src\Jobs\Quartz\README.md
	EndProjectSection
EndProject
Project("{9A19103F-16F7-4668-BE54-9A1E7A4F7556}") = "Gems.Jobs.Quartz", "src\Jobs\Quartz\src\Gems.Jobs.Quartz.csproj", "{AB5965AF-A854-4EF3-B62A-4C165FCA7DFD}"
EndProject
Project("{2150E333-8FDC-42A3-9474-1A3956D46DE8}") = "Metrics", "Metrics", "{94FE9E44-1D7D-4D4B-B161-CB8F159F6BB8}"
EndProject
Project("{2150E333-8FDC-42A3-9474-1A3956D46DE8}") = "Metrics", "Metrics", "{61494882-6519-4C63-95D2-BFCABD3A1A9A}"
EndProject
Project("{2150E333-8FDC-42A3-9474-1A3956D46DE8}") = "Project Items", "Project Items", "{91F184F5-6A02-4E75-8633-8F8C3D85C30D}"
	ProjectSection(SolutionItems) = preProject
		src\Metrics\Metrics\README.md = src\Metrics\Metrics\README.md
	EndProjectSection
EndProject
Project("{2150E333-8FDC-42A3-9474-1A3956D46DE8}") = "Utils", "Utils", "{504A89F8-81EC-42B1-AC59-F9D8441D18BF}"
EndProject
Project("{2150E333-8FDC-42A3-9474-1A3956D46DE8}") = "Project Items", "Project Items", "{0EFC3334-BE41-4E15-A7FF-D1BC016A465C}"
	ProjectSection(SolutionItems) = preProject
		src\Utils\Utils\README.md = src\Utils\Utils\README.md
	EndProjectSection
EndProject
Project("{2150E333-8FDC-42A3-9474-1A3956D46DE8}") = "Logging", "Logging", "{9F0755C1-90C8-43CB-A170-AE3A4ACE94CB}"
EndProject
Project("{2150E333-8FDC-42A3-9474-1A3956D46DE8}") = "Security", "Security", "{EBD4A047-E848-4E1A-A436-438B818758E5}"
EndProject
Project("{9A19103F-16F7-4668-BE54-9A1E7A4F7556}") = "Gems.Logging.Security", "src\Logging\Security\src\Gems.Logging.Security.csproj", "{246CFF76-22F4-4AAD-821E-96EABEE6F92A}"
EndProject
Project("{2150E333-8FDC-42A3-9474-1A3956D46DE8}") = "Project Items", "Project Items", "{1B556F6B-AEA2-441C-9CB1-BB3DAE3C6824}"
	ProjectSection(SolutionItems) = preProject
		src\Logging\Security\README.md = src\Logging\Security\README.md
	EndProjectSection
EndProject
Project("{9A19103F-16F7-4668-BE54-9A1E7A4F7556}") = "Gems.Logging.Security.Tests", "src\Logging\Security\test\Gems.Logging.Security.Tests.csproj", "{DCF89072-B4EA-4345-90B3-0A93B11AAA76}"
EndProject
Project("{2150E333-8FDC-42A3-9474-1A3956D46DE8}") = "Mvc", "Mvc", "{5A744E79-A532-4DF0-9507-141E544CA1F3}"
EndProject
Project("{2150E333-8FDC-42A3-9474-1A3956D46DE8}") = "Project Items", "Project Items", "{11020137-17B1-4B23-B917-DF03012DB191}"
	ProjectSection(SolutionItems) = preProject
		src\Mvc\Mvc\README.md = src\Mvc\Mvc\README.md
	EndProjectSection
EndProject
Project("{2150E333-8FDC-42A3-9474-1A3956D46DE8}") = "Text", "Text", "{58C93D8E-526C-482F-9148-20148E67A9B5}"
EndProject
Project("{2150E333-8FDC-42A3-9474-1A3956D46DE8}") = "Json", "Json", "{0CA9C83E-04C2-43E6-9D18-521EA49DA6A7}"
EndProject
Project("{9A19103F-16F7-4668-BE54-9A1E7A4F7556}") = "Gems.Text.Json", "src\Text\Json\src\Gems.Text.Json.csproj", "{75E813CC-5998-480C-B607-510DE33E1630}"
EndProject
Project("{2150E333-8FDC-42A3-9474-1A3956D46DE8}") = "Mvc", "Mvc", "{F8E7E820-E655-4B27-8E59-5BA6A944AF3D}"
EndProject
Project("{9A19103F-16F7-4668-BE54-9A1E7A4F7556}") = "Gems.Logging.Mvc", "src\Logging\Mvc\src\Gems.Logging.Mvc.csproj", "{AA9B4D31-5B95-4478-A093-893A6106CCFB}"
EndProject
Project("{2150E333-8FDC-42A3-9474-1A3956D46DE8}") = "Prometheus", "Prometheus", "{4C18BFD3-DCDA-466F-B2ED-E39F267A3A85}"
EndProject
Project("{2150E333-8FDC-42A3-9474-1A3956D46DE8}") = "Project Items", "Project Items", "{239434A6-1F6C-45A0-8540-57E67CE04425}"
	ProjectSection(SolutionItems) = preProject
		src\Metrics\Prometheus\README.md = src\Metrics\Prometheus\README.md
	EndProjectSection
EndProject
Project("{9A19103F-16F7-4668-BE54-9A1E7A4F7556}") = "Gems.Metrics.Prometheus", "src\Metrics\Prometheus\src\Gems.Metrics.Prometheus.csproj", "{2920D4F3-93F2-472F-9F52-7FA2FE9CAE45}"
EndProject
Project("{2150E333-8FDC-42A3-9474-1A3956D46DE8}") = "Caching", "Caching", "{D9E26A46-58BA-49BC-A83D-723CA5C75294}"
EndProject
Project("{9A19103F-16F7-4668-BE54-9A1E7A4F7556}") = "Gems.Caching", "src\Caching\Caching\src\Gems.Caching.csproj", "{0D2F35CC-5728-40A3-8EDD-93E9381AE034}"
EndProject
Project("{2150E333-8FDC-42A3-9474-1A3956D46DE8}") = "Tasks", "Tasks", "{91400909-C932-44D4-A201-C3D34565D88B}"
EndProject
Project("{2150E333-8FDC-42A3-9474-1A3956D46DE8}") = "HealthChecks", "HealthChecks", "{B905C3F2-56E4-4588-80D8-F3F887CD3BF5}"
EndProject
Project("{2150E333-8FDC-42A3-9474-1A3956D46DE8}") = "Project Items", "Project Items", "{160A5B7B-E738-4A9C-81FE-AE2EC77929A0}"
	ProjectSection(SolutionItems) = preProject
		src\HealthChecks\HealthChecks\README.md = src\HealthChecks\HealthChecks\README.md
	EndProjectSection
EndProject
Project("{2150E333-8FDC-42A3-9474-1A3956D46DE8}") = "Project Items", "Project Items", "{C3904F7E-A64F-438E-916B-DC61DDFFBC66}"
	ProjectSection(SolutionItems) = preProject
		src\Tasks\Tasks\README.md = src\Tasks\Tasks\README.md
	EndProjectSection
EndProject
Project("{2150E333-8FDC-42A3-9474-1A3956D46DE8}") = "Http", "Http", "{C9684A2F-BAAF-4050-97EF-EBC3ED83B185}"
EndProject
Project("{2150E333-8FDC-42A3-9474-1A3956D46DE8}") = "Project Items", "Project Items", "{BDFA11CC-4DD1-496B-BAE1-652D91A4BC41}"
	ProjectSection(SolutionItems) = preProject
		src\Http\Http\README.md = src\Http\Http\README.md
	EndProjectSection
EndProject
Project("{2150E333-8FDC-42A3-9474-1A3956D46DE8}") = "Http", "Http", "{AEE0B5D4-D77C-4F05-99B7-6F59809AEA2B}"
EndProject
Project("{9A19103F-16F7-4668-BE54-9A1E7A4F7556}") = "Gems.Metrics.Http", "src\Metrics\Http\src\Gems.Metrics.Http.csproj", "{CF402B3B-94A6-47D8-AA09-C3DC873A06D8}"
EndProject
Project("{2150E333-8FDC-42A3-9474-1A3956D46DE8}") = "Data", "Data", "{9E051E7B-DA03-44B7-A7BD-2E51002A15B2}"
EndProject
Project("{9A19103F-16F7-4668-BE54-9A1E7A4F7556}") = "Gems.Metrics.Data", "src\Metrics\Data\src\Gems.Metrics.Data.csproj", "{1380CA37-C84B-44A1-8620-80992107907B}"
EndProject
Project("{2150E333-8FDC-42A3-9474-1A3956D46DE8}") = "IO", "IO", "{F6B25818-3C0A-42E2-A68E-0D9E333DB5F2}"
EndProject
Project("{2150E333-8FDC-42A3-9474-1A3956D46DE8}") = "Project Items", "Project Items", "{2AC956E8-D376-4632-BEB3-8EBBFFC93995}"
	ProjectSection(SolutionItems) = preProject
		src\IO\IO\Readme.md = src\IO\IO\Readme.md
	EndProjectSection
EndProject
Project("{2150E333-8FDC-42A3-9474-1A3956D46DE8}") = "Linq", "Linq", "{098F50E7-654C-48DF-8915-231982E2454B}"
EndProject
Project("{2150E333-8FDC-42A3-9474-1A3956D46DE8}") = "Project Items", "Project Items", "{E92B71D2-2CBE-41B7-88CD-EA133D5D8A2D}"
	ProjectSection(SolutionItems) = preProject
		src\Linq\Linq\README.md = src\Linq\Linq\README.md
	EndProjectSection
EndProject
Project("{2150E333-8FDC-42A3-9474-1A3956D46DE8}") = "MessageBrokers", "MessageBrokers", "{A1C1BD89-2377-496C-946B-F2156D20E7F9}"
EndProject
Project("{2150E333-8FDC-42A3-9474-1A3956D46DE8}") = "Patterns", "Patterns", "{5A07DE9A-84BE-4C44-9E74-4CCBBD258E6E}"
EndProject
Project("{2150E333-8FDC-42A3-9474-1A3956D46DE8}") = "ProducerConsumer", "ProducerConsumer", "{EAE73B3F-7FC3-444F-8A10-770848D01409}"
EndProject
Project("{2150E333-8FDC-42A3-9474-1A3956D46DE8}") = "Project Items", "Project Items", "{6F9A83AC-15F9-43AC-832B-14B6C0F0212F}"
	ProjectSection(SolutionItems) = preProject
		src\Patterns\ProducerConsumer\README.md = src\Patterns\ProducerConsumer\README.md
	EndProjectSection
EndProject
Project("{9A19103F-16F7-4668-BE54-9A1E7A4F7556}") = "Gems.Patterns.ProducerConsumer", "src\Patterns\ProducerConsumer\src\Gems.Patterns.ProducerConsumer.csproj", "{5181B9D1-1B56-4B29-B976-9EBD7BFC2992}"
EndProject
Project("{9A19103F-16F7-4668-BE54-9A1E7A4F7556}") = "Gems.Patterns.ProducerConsumer.Tests", "src\Patterns\ProducerConsumer\test\Gems.Patterns.ProducerConsumer.Tests.csproj", "{E3D46E9E-EB28-45FF-858C-B3206DBC06FB}"
EndProject
Project("{2150E333-8FDC-42A3-9474-1A3956D46DE8}") = "SyncTables", "SyncTables", "{F26898E6-2F31-47A0-93FB-5A73411A4DD0}"
EndProject
Project("{2150E333-8FDC-42A3-9474-1A3956D46DE8}") = "Project Items", "Project Items", "{006E510F-08D5-44A2-9462-9AC18E4504B8}"
	ProjectSection(SolutionItems) = preProject
		src\Patterns\SyncTables\README.md = src\Patterns\SyncTables\README.md
	EndProjectSection
EndProject
Project("{9A19103F-16F7-4668-BE54-9A1E7A4F7556}") = "Gems.Patterns.SyncTables", "src\Patterns\SyncTables\src\Gems.Patterns.SyncTables.csproj", "{0657D62B-1757-492D-BFD2-8BF8394F7F6D}"
EndProject
Project("{9A19103F-16F7-4668-BE54-9A1E7A4F7556}") = "Gems.Patterns.SyncTables.Tests", "src\Patterns\SyncTables\test\Gems.Patterns.SyncTables.Tests.csproj", "{9C1B8011-4A7D-4C2E-8846-D111A2C55D81}"
EndProject
Project("{2150E333-8FDC-42A3-9474-1A3956D46DE8}") = "Settings", "Settings", "{441ECABC-BE31-48FC-8DFA-E0BE180D2835}"
EndProject
Project("{2150E333-8FDC-42A3-9474-1A3956D46DE8}") = "Gitlab", "Gitlab", "{5EF93D36-7AA5-47AB-A315-83FF67DF1567}"
EndProject
Project("{2150E333-8FDC-42A3-9474-1A3956D46DE8}") = "Project Items", "Project Items", "{C2467CA2-3CCF-485E-B03C-4F3064383183}"
	ProjectSection(SolutionItems) = preProject
		src\Settings\Gitlab\README.md = src\Settings\Gitlab\README.md
	EndProjectSection
EndProject
Project("{9A19103F-16F7-4668-BE54-9A1E7A4F7556}") = "Gems.Settings.Gitlab", "src\Settings\Gitlab\src\Gems.Settings.Gitlab.csproj", "{54151B3E-F573-453C-B65D-F8A4CD54C325}"
EndProject
Project("{2150E333-8FDC-42A3-9474-1A3956D46DE8}") = "Samples", "Samples", "{F785F962-867B-4D23-A428-06909486E957}"
EndProject
Project("{9A19103F-16F7-4668-BE54-9A1E7A4F7556}") = "DynamicLoggingLevel", "src\Settings\Gitlab\Samples\DynamicLoggingLevel\DynamicLoggingLevel.csproj", "{F106C699-AAA0-4F41-B189-344D88ABA4F0}"
EndProject
Project("{9A19103F-16F7-4668-BE54-9A1E7A4F7556}") = "GetSettings", "src\Settings\Gitlab\Samples\GetSettings\GetSettings.csproj", "{62DB6790-1966-4780-8874-A4FA269A9C3C}"
EndProject
Project("{9A19103F-16F7-4668-BE54-9A1E7A4F7556}") = "HangfireDynamicJobs", "src\Settings\Gitlab\Samples\HangfireDynamicJobs\HangfireDynamicJobs.csproj", "{240CA7B3-5428-4951-9CE6-AE0DECC723D9}"
EndProject
Project("{2150E333-8FDC-42A3-9474-1A3956D46DE8}") = "BusinessRules", "BusinessRules", "{7FABFC71-5DB4-431D-8683-A5C7A38C5833}"
EndProject
Project("{2150E333-8FDC-42A3-9474-1A3956D46DE8}") = "Project Items", "Project Items", "{D2A10293-2DB1-4A78-8289-00EAC534953A}"
	ProjectSection(SolutionItems) = preProject
		src\BusinessRules\BusinessRules\README.md = src\BusinessRules\BusinessRules\README.md
	EndProjectSection
EndProject
Project("{2150E333-8FDC-42A3-9474-1A3956D46DE8}") = "DomainEvents", "DomainEvents", "{5335D781-0F41-4EB8-B022-948D30B18C65}"
EndProject
Project("{2150E333-8FDC-42A3-9474-1A3956D46DE8}") = "Project Items", "Project Items", "{6C01EA9A-8CE2-401B-A548-0BADC30ACB20}"
	ProjectSection(SolutionItems) = preProject
		src\DomainEvents\DomainEvents\README.md = src\DomainEvents\DomainEvents\README.md
	EndProjectSection
EndProject
Project("{2150E333-8FDC-42A3-9474-1A3956D46DE8}") = "Serilog", "Serilog", "{A671126D-3987-4056-8548-D327BF9A770C}"
EndProject
Project("{2150E333-8FDC-42A3-9474-1A3956D46DE8}") = "Project Items", "Project Items", "{344F00D1-96E0-4EB1-80B8-E0765197AC42}"
	ProjectSection(SolutionItems) = preProject
		src\Logging\Serilog\README.md = src\Logging\Serilog\README.md
	EndProjectSection
EndProject
Project("{9A19103F-16F7-4668-BE54-9A1E7A4F7556}") = "Gems.Logging.Serilog", "src\Logging\Serilog\src\Gems.Logging.Serilog.csproj", "{5612AC65-742F-4EB0-AC09-D8422EB6BEBD}"
EndProject
Project("{2150E333-8FDC-42A3-9474-1A3956D46DE8}") = "Outbox", "Outbox", "{1E94B99A-AA12-4EAA-A16C-8220C1443160}"
EndProject
Project("{2150E333-8FDC-42A3-9474-1A3956D46DE8}") = "Project Items", "Project Items", "{519A8612-ACAD-418B-BC33-FAEA51E24733}"
	ProjectSection(SolutionItems) = preProject
		src\Patterns\Outbox\README.md = src\Patterns\Outbox\README.md
	EndProjectSection
EndProject
Project("{9A19103F-16F7-4668-BE54-9A1E7A4F7556}") = "Gems.Patterns.Outbox", "src\Patterns\Outbox\src\Gems.Patterns.Outbox.csproj", "{3CD30AE8-AFFB-4D69-837D-E95630AEB6E3}"
EndProject
Project("{2150E333-8FDC-42A3-9474-1A3956D46DE8}") = "Swagger", "Swagger", "{23D9A946-AD8D-4DDD-ACBC-A4692F5C8E7B}"
EndProject
Project("{2150E333-8FDC-42A3-9474-1A3956D46DE8}") = "Project Items", "Project Items", "{51C4E4C2-33AA-495E-8D69-6523602B0313}"
	ProjectSection(SolutionItems) = preProject
		src\Swagger\Swagger\README.md = src\Swagger\Swagger\README.md
	EndProjectSection
EndProject
Project("{2150E333-8FDC-42A3-9474-1A3956D46DE8}") = "Authentication", "Authentication", "{354B2D84-2614-4F4A-AE35-DC0526D0D69F}"
EndProject
Project("{2150E333-8FDC-42A3-9474-1A3956D46DE8}") = "Project Items", "Project Items", "{4BB4E9ED-A731-4742-A4C0-849F2ED26797}"
	ProjectSection(SolutionItems) = preProject
		src\Authentication\Authentication\README.md = src\Authentication\Authentication\README.md
	EndProjectSection
EndProject
Project("{2150E333-8FDC-42A3-9474-1A3956D46DE8}") = "Project Items", "Project Items", "{03CB60B8-318B-46DF-9D1B-41C931F5A12D}"
	ProjectSection(SolutionItems) = preProject
		src\Caching\Caching\README.md = src\Caching\Caching\README.md
	EndProjectSection
EndProject
Project("{2150E333-8FDC-42A3-9474-1A3956D46DE8}") = "Project Items", "Project Items", "{7F1BE3C4-F6B3-4A4F-ABEA-7FD3C3B0DF13}"
	ProjectSection(SolutionItems) = preProject
		src\Data\Npgsql\README.md = src\Data\Npgsql\README.md
	EndProjectSection
EndProject
Project("{2150E333-8FDC-42A3-9474-1A3956D46DE8}") = "Project Items", "Project Items", "{D4BB069E-2023-426C-93F7-9B7402828660}"
	ProjectSection(SolutionItems) = preProject
		src\Data\SqlServer\README.md = src\Data\SqlServer\README.md
	EndProjectSection
EndProject
Project("{2150E333-8FDC-42A3-9474-1A3956D46DE8}") = "Project Items", "Project Items", "{066FB5D3-D184-4F05-85A0-48BEC7AF9375}"
	ProjectSection(SolutionItems) = preProject
		src\Logging\Mvc\README.md = src\Logging\Mvc\README.md
	EndProjectSection
EndProject
Project("{9A19103F-16F7-4668-BE54-9A1E7A4F7556}") = "Gems.Metrics", "src\Metrics\Metrics\src\Gems.Metrics.csproj", "{A3F5F5DD-481A-4BE6-8C4A-5A5F6989EEC6}"
EndProject
Project("{2150E333-8FDC-42A3-9474-1A3956D46DE8}") = "Project Items", "Project Items", "{CB81E7F6-FE31-4CF7-BB91-FBB7C97A9CA8}"
	ProjectSection(SolutionItems) = preProject
		src\Metrics\Data\README.md = src\Metrics\Data\README.md
	EndProjectSection
EndProject
Project("{2150E333-8FDC-42A3-9474-1A3956D46DE8}") = "Project Items", "Project Items", "{B23EA579-E9E8-4A5C-AAF3-CAF1D2A79367}"
	ProjectSection(SolutionItems) = preProject
		src\Metrics\Http\README.md = src\Metrics\Http\README.md
	EndProjectSection
EndProject
Project("{2150E333-8FDC-42A3-9474-1A3956D46DE8}") = "Project Items", "Project Items", "{C0E0E858-7BEB-4C77-92AA-3BB30267E117}"
	ProjectSection(SolutionItems) = preProject
		src\Text\Json\README.md = src\Text\Json\README.md
	EndProjectSection
EndProject
Project("{9A19103F-16F7-4668-BE54-9A1E7A4F7556}") = "Gems.Authentication", "src\Authentication\Authentication\src\Gems.Authentication.csproj", "{8CFA82A4-3D51-45F6-9556-27C30E45498B}"
EndProject
Project("{9A19103F-16F7-4668-BE54-9A1E7A4F7556}") = "Gems.BusinessRules", "src\BusinessRules\BusinessRules\src\Gems.BusinessRules.csproj", "{F2170982-361B-447C-B0C3-B9C6A37426FD}"
EndProject
Project("{9A19103F-16F7-4668-BE54-9A1E7A4F7556}") = "Gems.DomainEvents", "src\DomainEvents\DomainEvents\src\Gems.DomainEvents.csproj", "{6CA01212-7549-4E52-A15D-B4BD7217302F}"
EndProject
Project("{9A19103F-16F7-4668-BE54-9A1E7A4F7556}") = "Gems.HealthChecks", "src\HealthChecks\HealthChecks\src\Gems.HealthChecks.csproj", "{F0EB854E-2B09-45C3-9E5A-2B47B69A12AA}"
EndProject
Project("{9A19103F-16F7-4668-BE54-9A1E7A4F7556}") = "Gems.Http", "src\Http\Http\src\Gems.Http.csproj", "{1D973416-A062-43D5-9CDA-BA89CC0D5DB5}"
EndProject
Project("{9A19103F-16F7-4668-BE54-9A1E7A4F7556}") = "Gems.Http.Tests", "src\Http\Http\test\Gems.Http.Tests.csproj", "{077B11F0-828A-4AD2-BEE0-236E3FD61F01}"
EndProject
Project("{9A19103F-16F7-4668-BE54-9A1E7A4F7556}") = "Gems.IO", "src\IO\IO\src\Gems.IO.csproj", "{616AA865-37BF-4DA3-A921-6C2C63E09AAB}"
EndProject
Project("{9A19103F-16F7-4668-BE54-9A1E7A4F7556}") = "Gems.Linq", "src\Linq\Linq\src\Gems.Linq.csproj", "{BE4D95BF-590F-4E5B-98F4-1FE2FC17FDD5}"
EndProject
Project("{9A19103F-16F7-4668-BE54-9A1E7A4F7556}") = "Gems.Linq.Tests", "src\Linq\Linq\test\Gems.Linq.Tests.csproj", "{205BDC95-47FC-4E8F-99BA-4356E33EEA73}"
EndProject
Project("{2150E333-8FDC-42A3-9474-1A3956D46DE8}") = "Kafka", "Kafka", "{180516E2-B538-4C8E-AD42-E04D5E03E7DC}"
EndProject
Project("{2150E333-8FDC-42A3-9474-1A3956D46DE8}") = "Project Items", "Project Items", "{0E236B1E-F8AD-498A-B113-F32BA0BC10B2}"
	ProjectSection(SolutionItems) = preProject
		src\MessageBrokers\Kafka\readme.md = src\MessageBrokers\Kafka\readme.md
	EndProjectSection
EndProject
Project("{9A19103F-16F7-4668-BE54-9A1E7A4F7556}") = "Gems.MessageBrokers.Kafka", "src\MessageBrokers\Kafka\src\Gems.MessageBrokers.Kafka.csproj", "{A9F5D1B3-A1E6-41DD-AFF0-2F0DA09CBF0F}"
EndProject
Project("{9A19103F-16F7-4668-BE54-9A1E7A4F7556}") = "Gems.Swagger", "src\Swagger\Swagger\src\Gems.Swagger.csproj", "{FF31E790-F568-4952-B07D-0063AA696FDE}"
EndProject
Project("{9A19103F-16F7-4668-BE54-9A1E7A4F7556}") = "Gems.Tasks", "src\Tasks\Tasks\src\Gems.Tasks.csproj", "{010BACC1-6EAA-4924-A99B-154CBE7AB94C}"
EndProject
Project("{9A19103F-16F7-4668-BE54-9A1E7A4F7556}") = "Gems.Tasks.Tests", "src\Tasks\Tasks\test\Gems.Tasks.Tests.csproj", "{B6CACE68-9904-457D-A58B-1128CB8EA608}"
EndProject
Project("{9A19103F-16F7-4668-BE54-9A1E7A4F7556}") = "Gems.Utils", "src\Utils\Utils\src\Gems.Utils.csproj", "{519AA36A-03A1-48DD-AD36-0940B4418FA3}"
EndProject
Project("{9A19103F-16F7-4668-BE54-9A1E7A4F7556}") = "Gems.Utils.Tests", "src\Utils\Utils\test\Gems.Utils.Tests.csproj", "{9436E37D-DBE9-4E23-9142-74CC6905F9B4}"
EndProject
Project("{9A19103F-16F7-4668-BE54-9A1E7A4F7556}") = "Gems.Mvc", "src\Mvc\Mvc\src\Gems.Mvc.csproj", "{50028A54-4DE9-4895-AFEB-A768CA97ECB3}"
EndProject
Project("{2150E333-8FDC-42A3-9474-1A3956D46DE8}") = "MessageBrokers", "MessageBrokers", "{1C634B56-5B3C-4A51-B1DB-B7B7CEC390A7}"
EndProject
Project("{2150E333-8FDC-42A3-9474-1A3956D46DE8}") = "Project Items", "Project Items", "{F29A42CD-49CC-4D09-8650-F59991AF1562}"
	ProjectSection(SolutionItems) = preProject
		src\MessageBrokers\MessageBrokers\readme.md = src\MessageBrokers\MessageBrokers\readme.md
	EndProjectSection
EndProject
Project("{9A19103F-16F7-4668-BE54-9A1E7A4F7556}") = "Gems.MessageBrokers", "src\MessageBrokers\MessageBrokers\src\Gems.MessageBrokers.csproj", "{1933F618-5F5D-4507-BCC8-21988D03342F}"
EndProject
Project("{2150E333-8FDC-42A3-9474-1A3956D46DE8}") = "Project Items", "Project Items", "{5933BFF7-A4FF-46FD-A619-A82591FFA675}"
	ProjectSection(SolutionItems) = preProject
		src\Jobs\Jobs\README.md = src\Jobs\Jobs\README.md
	EndProjectSection
EndProject
Project("{2150E333-8FDC-42A3-9474-1A3956D46DE8}") = "docs", "docs", "{1ABC8C68-228F-4D8D-B019-FB1A24B8D4C6}"
	ProjectSection(SolutionItems) = preProject
		docs\VersioningRules.md = docs\VersioningRules.md
	EndProjectSection
EndProject
Project("{2150E333-8FDC-42A3-9474-1A3956D46DE8}") = "CompositionRoot", "CompositionRoot", "{FB735C7A-E599-46B7-9F86-B9E538AD1FA4}"
EndProject
Project("{9A19103F-16F7-4668-BE54-9A1E7A4F7556}") = "Gems.CompositionRoot", "src\CompositionRoot\CompositionRoot\src\Gems.CompositionRoot.csproj", "{45C1E58D-C080-484C-BFD0-80FEE62E386C}"
EndProject
Project("{2150E333-8FDC-42A3-9474-1A3956D46DE8}") = "Context", "Context", "{544D9BFB-41D6-435C-820C-3DE699830159}"
EndProject
Project("{2150E333-8FDC-42A3-9474-1A3956D46DE8}") = "LibreOffice", "LibreOffice", "{A7D54501-C648-44C7-8DB5-C484BE73BE9A}"
EndProject
Project("{2150E333-8FDC-42A3-9474-1A3956D46DE8}") = "ProjectItems", "ProjectItems", "{F468256F-E929-4B39-89F7-2FF121164E8E}"
	ProjectSection(SolutionItems) = preProject
		src\IO\LibreOffice\Readme.md = src\IO\LibreOffice\Readme.md
	EndProjectSection
EndProject
Project("{9A19103F-16F7-4668-BE54-9A1E7A4F7556}") = "Gems.IO.LibreOffice", "src\IO\LibreOffice\src\Gems.IO.LibreOffice.csproj", "{069A1AAE-CFFC-4135-9802-BA4ECA38E398}"
EndProject
Project("{9A19103F-16F7-4668-BE54-9A1E7A4F7556}") = "Gems.Context", "src\Context\Context\src\Gems.Context.csproj", "{963412CB-F8BC-406D-A1E5-A6AF7FE77825}"
EndProject
Project("{9A19103F-16F7-4668-BE54-9A1E7A4F7556}") = "Gems.Data.Tests", "src\Data\Data\test\Gems.Data.Tests.csproj", "{01929A84-8D2D-4929-BA39-360B3A009ECA}"
EndProject
Project("{2150E333-8FDC-42A3-9474-1A3956D46DE8}") = "Project Items", "Project Items", "{EAC12C4C-83BF-452A-81C0-5275456829E5}"
	ProjectSection(SolutionItems) = preProject
		src\Context\Context\README.md = src\Context\Context\README.md
	EndProjectSection
EndProject
Project("{2150E333-8FDC-42A3-9474-1A3956D46DE8}") = "Project Items", "Project Items", "{CA85231A-2260-4CA3-925E-B7857C7EC223}"
	ProjectSection(SolutionItems) = preProject
		src\CompositionRoot\CompositionRoot\README.md = src\CompositionRoot\CompositionRoot\README.md
	EndProjectSection
EndProject
Project("{2150E333-8FDC-42A3-9474-1A3956D46DE8}") = "MySql", "MySql", "{38940F5E-EA23-46CA-9E9F-A1BD486DB649}"
EndProject
Project("{2150E333-8FDC-42A3-9474-1A3956D46DE8}") = "Project Items", "Project Items", "{58579A0B-3240-4953-A02F-301DDE3493D4}"
	ProjectSection(SolutionItems) = preProject
		src\Data\MySql\README.md = src\Data\MySql\README.md
	EndProjectSection
EndProject
Project("{9A19103F-16F7-4668-BE54-9A1E7A4F7556}") = "Gems.Data.MySql", "src\Data\MySql\src\Gems.Data.MySql.csproj", "{80963401-CFCD-40C0-8C26-E338711E2182}"
EndProject
Project("{9A19103F-16F7-4668-BE54-9A1E7A4F7556}") = "Gems.Data.MySql.Tests", "src\Data\MySql\test\Gems.Data.MySql.Tests.csproj", "{0BC63CAE-1AB3-4058-AAAF-474719B2802D}"
EndProject
Project("{9A19103F-16F7-4668-BE54-9A1E7A4F7556}") = "Gems.Text.Json.Tests", "src\Text\Json\test\Gems.Text.Json.Tests.csproj", "{D56B0A3B-E02B-4912-8E45-FB72FB4C3AFB}"
EndProject
Project("{2150E333-8FDC-42A3-9474-1A3956D46DE8}") = "OpenTelemetry", "OpenTelemetry", "{D2280B84-930C-40D4-97A3-F270B1896B5A}"
EndProject
Project("{2150E333-8FDC-42A3-9474-1A3956D46DE8}") = "OpenTelemetry", "OpenTelemetry", "{D25A3995-8D96-49FB-B6C0-1CE899E20865}"
EndProject
Project("{2150E333-8FDC-42A3-9474-1A3956D46DE8}") = "Mvc", "Mvc", "{AE168D26-F1FF-4655-B5BA-F8CB45A00314}"
EndProject
Project("{9A19103F-16F7-4668-BE54-9A1E7A4F7556}") = "Gems.OpenTelemetry", "src\OpenTelemetry\OpenTelemetry\src\Gems.OpenTelemetry.csproj", "{F1540153-DB16-4B6E-91C6-2D5671DD9DBF}"
EndProject
Project("{2150E333-8FDC-42A3-9474-1A3956D46DE8}") = "Project Items", "Project Items", "{A28FB33C-339A-4EF4-AEBD-17B565C1B000}"
	ProjectSection(SolutionItems) = preProject
		src\OpenTelemetry\OpenTelemetry\README.md = src\OpenTelemetry\OpenTelemetry\README.md
	EndProjectSection
EndProject
Project("{2150E333-8FDC-42A3-9474-1A3956D46DE8}") = "docs", "docs", "{357928D1-5C67-47CA-9976-83A7303CF00C}"
	ProjectSection(SolutionItems) = preProject
		src\OpenTelemetry\OpenTelemetry\docs\attributes.md = src\OpenTelemetry\OpenTelemetry\docs\attributes.md
		src\OpenTelemetry\OpenTelemetry\docs\filtering.md = src\OpenTelemetry\OpenTelemetry\docs\filtering.md
		src\OpenTelemetry\OpenTelemetry\docs\installation.md = src\OpenTelemetry\OpenTelemetry\docs\installation.md
		src\OpenTelemetry\OpenTelemetry\docs\trace-endpoint.md = src\OpenTelemetry\OpenTelemetry\docs\trace-endpoint.md
	EndProjectSection
EndProject
Project("{2150E333-8FDC-42A3-9474-1A3956D46DE8}") = "Project Items", "Project Items", "{BDA14551-22EC-46E4-BD65-47EAF979A5AE}"
	ProjectSection(SolutionItems) = preProject
		src\OpenTelemetry\Mvc\README.md = src\OpenTelemetry\Mvc\README.md
	EndProjectSection
EndProject
Project("{9A19103F-16F7-4668-BE54-9A1E7A4F7556}") = "Gems.OpenTelemetry.Mvc", "src\OpenTelemetry\Mvc\src\Gems.OpenTelemetry.Mvc.csproj", "{144CFED7-053E-4C9D-9C6F-0AFB50F8E13E}"
EndProject
Project("{FAE04EC0-301F-11D3-BF4B-00C04F79EFBC}") = "Gems.FeatureToggle", "src\FeatureToggle\FeatureToggle\src\Gems.FeatureToggle.csproj", "{D6C7712C-3A1B-4AEF-A732-B2921A78A9A1}"
EndProject
Project("{FAE04EC0-301F-11D3-BF4B-00C04F79EFBC}") = "Gems.FeatureToggle.Tests", "src\FeatureToggle\FeatureToggle\tests\Gems.FeatureToggle.Tests.csproj", "{8A9947DA-06FB-4C1C-A06E-E82808EC74E1}"
EndProject
Project("{FAE04EC0-301F-11D3-BF4B-00C04F79EFBC}") = "Gems.FeatureToggle.Sample", "src\FeatureToggle\FeatureToggle\Samples\Gems.FeatureToggle.Sample\Gems.FeatureToggle.Sample.csproj", "{E782B2CF-C09C-4BFA-B1E4-A54248B6B77E}"
EndProject
Project("{2150E333-8FDC-42A3-9474-1A3956D46DE8}") = "FeatureToggle", "FeatureToggle", "{9837F1A5-FC16-4070-A530-645E40A49497}"
EndProject
Project("{2150E333-8FDC-42A3-9474-1A3956D46DE8}") = "Project items", "Project items", "{A5B4D24E-2A46-40D9-B89C-8C3032861659}"
	ProjectSection(SolutionItems) = preProject
		src\FeatureToggle\FeatureToggle\README.md = src\FeatureToggle\FeatureToggle\README.md
	EndProjectSection
EndProject
Project("{2150E333-8FDC-42A3-9474-1A3956D46DE8}") = "Samples", "Samples", "{4368DA40-682E-45C7-93DB-3572014ABFC0}"
EndProject
Project("{2150E333-8FDC-42A3-9474-1A3956D46DE8}") = "Samples", "Samples", "{15A56B31-7CF2-4849-94A4-76F6FD55C218}"
EndProject
Project("{FAE04EC0-301F-11D3-BF4B-00C04F79EFBC}") = "Gems.Mvc.Sample.HandlersUsing", "src\Mvc\Mvc\samples\Gems.Mvc.Sample.HandlersUsing\Gems.Mvc.Sample.HandlersUsing.csproj", "{56E52835-CDDC-43C9-91C7-B9397123A626}"
EndProject
Project("{FAE04EC0-301F-11D3-BF4B-00C04F79EFBC}") = "Gems.Mvc.Sample.LoadFile", "src\Mvc\Mvc\samples\Gems.Mvc.Sample.LoadFile\Gems.Mvc.Sample.LoadFile.csproj", "{A41743B4-8E20-41C0-A54F-D0FAE181D262}"
EndProject
Project("{FAE04EC0-301F-11D3-BF4B-00C04F79EFBC}") = "Gems.Mvc.Sample.SourceType", "src\Mvc\Mvc\samples\Gems.Mvc.Sample.SourceType\Gems.Mvc.Sample.SourceType.csproj", "{54F3C02A-AEB7-460F-8A84-B3D7A4EEE127}"
EndProject
Project("{FAE04EC0-301F-11D3-BF4B-00C04F79EFBC}") = "Gems.Mvc.AddRetryAfterHeader", "src\Mvc\Mvc\samples\Gems.Mvc.AddRetryAfterHeader\Gems.Mvc.AddRetryAfterHeader.csproj", "{D32A1880-4C55-4475-87B0-7446AB13AD87}"
EndProject
Project("{FAE04EC0-301F-11D3-BF4B-00C04F79EFBC}") = "Gems.Mvc.NotFound", "src\Mvc\Mvc\samples\Gems.Mvc.NotFound\Gems.Mvc.NotFound.csproj", "{4F67688F-99CA-423B-9230-E53976610050}"
EndProject
Project("{FAE04EC0-301F-11D3-BF4B-00C04F79EFBC}") = "Gems.Mvc.RequestException", "src\Mvc\Mvc\samples\Gems.Mvc.RequestException\Gems.Mvc.RequestException.csproj", "{2ECE358E-51D1-49FE-8A84-AFEF57CED5AD}"
EndProject
Project("{2150E333-8FDC-42A3-9474-1A3956D46DE8}") = "Samples", "Samples", "{A00DC992-E963-4AC4-B3C7-A4FD23548BBC}"
EndProject
Project("{FAE04EC0-301F-11D3-BF4B-00C04F79EFBC}") = "Gems.BusinessRules.Sample.BusinessRulesUsing", "src\BusinessRules\BusinessRules\samples\Gems.BusinessRules.Sample.BusinessRulesUsing\Gems.BusinessRules.Sample.BusinessRulesUsing.csproj", "{1C0F1E16-97C2-4CA7-9B34-1A3863C0EDB3}"
EndProject
Project("{2150E333-8FDC-42A3-9474-1A3956D46DE8}") = "Samples", "Samples", "{C16F53D5-1CA1-46EE-BF9F-611E8D30F31C}"
EndProject
Project("{FAE04EC0-301F-11D3-BF4B-00C04F79EFBC}") = "Gems.Patterns.SyncTables.Sample.SyncTablesWithChangeTracking", "src\Patterns\SyncTables\samples\Gems.Patterns.SyncTables.Sample.SyncTablesWithChangeTracking\Gems.Patterns.SyncTables.Sample.SyncTablesWithChangeTracking.csproj", "{627904D9-8AB4-47DF-9014-F30623EF1D1C}"
EndProject
Project("{FAE04EC0-301F-11D3-BF4B-00C04F79EFBC}") = "Gems.Patterns.SyncTables.Sample.SyncTables", "src\Patterns\SyncTables\samples\Gems.Patterns.SyncTables.Sample.SyncTables\Gems.Patterns.SyncTables.Sample.SyncTables.csproj", "{A8828014-8061-47A7-BDFB-40EF47B0E5C4}"
EndProject
Global
	GlobalSection(SolutionConfigurationPlatforms) = preSolution
		Debug|Any CPU = Debug|Any CPU
		Release|Any CPU = Release|Any CPU
	EndGlobalSection
	GlobalSection(ProjectConfigurationPlatforms) = postSolution
		{E357D4FB-AE53-48B6-B57C-126B174E8829}.Debug|Any CPU.ActiveCfg = Debug|Any CPU
		{E357D4FB-AE53-48B6-B57C-126B174E8829}.Debug|Any CPU.Build.0 = Debug|Any CPU
		{E357D4FB-AE53-48B6-B57C-126B174E8829}.Release|Any CPU.ActiveCfg = Release|Any CPU
		{E357D4FB-AE53-48B6-B57C-126B174E8829}.Release|Any CPU.Build.0 = Release|Any CPU
		{82A04DB5-A1E0-4D3F-8464-BBABC87E586F}.Debug|Any CPU.ActiveCfg = Debug|Any CPU
		{82A04DB5-A1E0-4D3F-8464-BBABC87E586F}.Debug|Any CPU.Build.0 = Debug|Any CPU
		{82A04DB5-A1E0-4D3F-8464-BBABC87E586F}.Release|Any CPU.ActiveCfg = Release|Any CPU
		{82A04DB5-A1E0-4D3F-8464-BBABC87E586F}.Release|Any CPU.Build.0 = Release|Any CPU
		{EA97517D-BE88-48A2-8C94-B6C61E1D01C8}.Debug|Any CPU.ActiveCfg = Debug|Any CPU
		{EA97517D-BE88-48A2-8C94-B6C61E1D01C8}.Debug|Any CPU.Build.0 = Debug|Any CPU
		{EA97517D-BE88-48A2-8C94-B6C61E1D01C8}.Release|Any CPU.ActiveCfg = Release|Any CPU
		{EA97517D-BE88-48A2-8C94-B6C61E1D01C8}.Release|Any CPU.Build.0 = Release|Any CPU
		{D1465D05-4A83-4962-9473-9AF80CBA0CCB}.Debug|Any CPU.ActiveCfg = Debug|Any CPU
		{D1465D05-4A83-4962-9473-9AF80CBA0CCB}.Debug|Any CPU.Build.0 = Debug|Any CPU
		{D1465D05-4A83-4962-9473-9AF80CBA0CCB}.Release|Any CPU.ActiveCfg = Release|Any CPU
		{D1465D05-4A83-4962-9473-9AF80CBA0CCB}.Release|Any CPU.Build.0 = Release|Any CPU
		{0E552991-F217-4E7F-B47B-C37353FAE70E}.Debug|Any CPU.ActiveCfg = Debug|Any CPU
		{0E552991-F217-4E7F-B47B-C37353FAE70E}.Debug|Any CPU.Build.0 = Debug|Any CPU
		{0E552991-F217-4E7F-B47B-C37353FAE70E}.Release|Any CPU.ActiveCfg = Release|Any CPU
		{0E552991-F217-4E7F-B47B-C37353FAE70E}.Release|Any CPU.Build.0 = Release|Any CPU
		{F8BB760B-C508-40ED-ABD0-65082C75366C}.Debug|Any CPU.ActiveCfg = Debug|Any CPU
		{F8BB760B-C508-40ED-ABD0-65082C75366C}.Debug|Any CPU.Build.0 = Debug|Any CPU
		{F8BB760B-C508-40ED-ABD0-65082C75366C}.Release|Any CPU.ActiveCfg = Release|Any CPU
		{F8BB760B-C508-40ED-ABD0-65082C75366C}.Release|Any CPU.Build.0 = Release|Any CPU
		{AB5965AF-A854-4EF3-B62A-4C165FCA7DFD}.Debug|Any CPU.ActiveCfg = Debug|Any CPU
		{AB5965AF-A854-4EF3-B62A-4C165FCA7DFD}.Debug|Any CPU.Build.0 = Debug|Any CPU
		{AB5965AF-A854-4EF3-B62A-4C165FCA7DFD}.Release|Any CPU.ActiveCfg = Release|Any CPU
		{AB5965AF-A854-4EF3-B62A-4C165FCA7DFD}.Release|Any CPU.Build.0 = Release|Any CPU
		{246CFF76-22F4-4AAD-821E-96EABEE6F92A}.Debug|Any CPU.ActiveCfg = Debug|Any CPU
		{246CFF76-22F4-4AAD-821E-96EABEE6F92A}.Debug|Any CPU.Build.0 = Debug|Any CPU
		{246CFF76-22F4-4AAD-821E-96EABEE6F92A}.Release|Any CPU.ActiveCfg = Release|Any CPU
		{246CFF76-22F4-4AAD-821E-96EABEE6F92A}.Release|Any CPU.Build.0 = Release|Any CPU
		{DCF89072-B4EA-4345-90B3-0A93B11AAA76}.Debug|Any CPU.ActiveCfg = Debug|Any CPU
		{DCF89072-B4EA-4345-90B3-0A93B11AAA76}.Debug|Any CPU.Build.0 = Debug|Any CPU
		{DCF89072-B4EA-4345-90B3-0A93B11AAA76}.Release|Any CPU.ActiveCfg = Release|Any CPU
		{DCF89072-B4EA-4345-90B3-0A93B11AAA76}.Release|Any CPU.Build.0 = Release|Any CPU
		{75E813CC-5998-480C-B607-510DE33E1630}.Debug|Any CPU.ActiveCfg = Debug|Any CPU
		{75E813CC-5998-480C-B607-510DE33E1630}.Debug|Any CPU.Build.0 = Debug|Any CPU
		{75E813CC-5998-480C-B607-510DE33E1630}.Release|Any CPU.ActiveCfg = Release|Any CPU
		{75E813CC-5998-480C-B607-510DE33E1630}.Release|Any CPU.Build.0 = Release|Any CPU
		{AA9B4D31-5B95-4478-A093-893A6106CCFB}.Debug|Any CPU.ActiveCfg = Debug|Any CPU
		{AA9B4D31-5B95-4478-A093-893A6106CCFB}.Debug|Any CPU.Build.0 = Debug|Any CPU
		{AA9B4D31-5B95-4478-A093-893A6106CCFB}.Release|Any CPU.ActiveCfg = Release|Any CPU
		{AA9B4D31-5B95-4478-A093-893A6106CCFB}.Release|Any CPU.Build.0 = Release|Any CPU
		{2920D4F3-93F2-472F-9F52-7FA2FE9CAE45}.Debug|Any CPU.ActiveCfg = Debug|Any CPU
		{2920D4F3-93F2-472F-9F52-7FA2FE9CAE45}.Debug|Any CPU.Build.0 = Debug|Any CPU
		{2920D4F3-93F2-472F-9F52-7FA2FE9CAE45}.Release|Any CPU.ActiveCfg = Release|Any CPU
		{2920D4F3-93F2-472F-9F52-7FA2FE9CAE45}.Release|Any CPU.Build.0 = Release|Any CPU
		{0D2F35CC-5728-40A3-8EDD-93E9381AE034}.Debug|Any CPU.ActiveCfg = Debug|Any CPU
		{0D2F35CC-5728-40A3-8EDD-93E9381AE034}.Debug|Any CPU.Build.0 = Debug|Any CPU
		{0D2F35CC-5728-40A3-8EDD-93E9381AE034}.Release|Any CPU.ActiveCfg = Release|Any CPU
		{0D2F35CC-5728-40A3-8EDD-93E9381AE034}.Release|Any CPU.Build.0 = Release|Any CPU
		{CF402B3B-94A6-47D8-AA09-C3DC873A06D8}.Debug|Any CPU.ActiveCfg = Debug|Any CPU
		{CF402B3B-94A6-47D8-AA09-C3DC873A06D8}.Debug|Any CPU.Build.0 = Debug|Any CPU
		{CF402B3B-94A6-47D8-AA09-C3DC873A06D8}.Release|Any CPU.ActiveCfg = Release|Any CPU
		{CF402B3B-94A6-47D8-AA09-C3DC873A06D8}.Release|Any CPU.Build.0 = Release|Any CPU
		{1380CA37-C84B-44A1-8620-80992107907B}.Debug|Any CPU.ActiveCfg = Debug|Any CPU
		{1380CA37-C84B-44A1-8620-80992107907B}.Debug|Any CPU.Build.0 = Debug|Any CPU
		{1380CA37-C84B-44A1-8620-80992107907B}.Release|Any CPU.ActiveCfg = Release|Any CPU
		{1380CA37-C84B-44A1-8620-80992107907B}.Release|Any CPU.Build.0 = Release|Any CPU
		{5181B9D1-1B56-4B29-B976-9EBD7BFC2992}.Debug|Any CPU.ActiveCfg = Debug|Any CPU
		{5181B9D1-1B56-4B29-B976-9EBD7BFC2992}.Debug|Any CPU.Build.0 = Debug|Any CPU
		{5181B9D1-1B56-4B29-B976-9EBD7BFC2992}.Release|Any CPU.ActiveCfg = Release|Any CPU
		{5181B9D1-1B56-4B29-B976-9EBD7BFC2992}.Release|Any CPU.Build.0 = Release|Any CPU
		{E3D46E9E-EB28-45FF-858C-B3206DBC06FB}.Debug|Any CPU.ActiveCfg = Debug|Any CPU
		{E3D46E9E-EB28-45FF-858C-B3206DBC06FB}.Debug|Any CPU.Build.0 = Debug|Any CPU
		{E3D46E9E-EB28-45FF-858C-B3206DBC06FB}.Release|Any CPU.ActiveCfg = Release|Any CPU
		{E3D46E9E-EB28-45FF-858C-B3206DBC06FB}.Release|Any CPU.Build.0 = Release|Any CPU
		{0657D62B-1757-492D-BFD2-8BF8394F7F6D}.Debug|Any CPU.ActiveCfg = Debug|Any CPU
		{0657D62B-1757-492D-BFD2-8BF8394F7F6D}.Debug|Any CPU.Build.0 = Debug|Any CPU
		{0657D62B-1757-492D-BFD2-8BF8394F7F6D}.Release|Any CPU.ActiveCfg = Release|Any CPU
		{0657D62B-1757-492D-BFD2-8BF8394F7F6D}.Release|Any CPU.Build.0 = Release|Any CPU
		{9C1B8011-4A7D-4C2E-8846-D111A2C55D81}.Debug|Any CPU.ActiveCfg = Debug|Any CPU
		{9C1B8011-4A7D-4C2E-8846-D111A2C55D81}.Debug|Any CPU.Build.0 = Debug|Any CPU
		{9C1B8011-4A7D-4C2E-8846-D111A2C55D81}.Release|Any CPU.ActiveCfg = Release|Any CPU
		{9C1B8011-4A7D-4C2E-8846-D111A2C55D81}.Release|Any CPU.Build.0 = Release|Any CPU
		{54151B3E-F573-453C-B65D-F8A4CD54C325}.Debug|Any CPU.ActiveCfg = Debug|Any CPU
		{54151B3E-F573-453C-B65D-F8A4CD54C325}.Debug|Any CPU.Build.0 = Debug|Any CPU
		{54151B3E-F573-453C-B65D-F8A4CD54C325}.Release|Any CPU.ActiveCfg = Release|Any CPU
		{54151B3E-F573-453C-B65D-F8A4CD54C325}.Release|Any CPU.Build.0 = Release|Any CPU
		{F106C699-AAA0-4F41-B189-344D88ABA4F0}.Debug|Any CPU.ActiveCfg = Debug|Any CPU
		{F106C699-AAA0-4F41-B189-344D88ABA4F0}.Debug|Any CPU.Build.0 = Debug|Any CPU
		{F106C699-AAA0-4F41-B189-344D88ABA4F0}.Release|Any CPU.ActiveCfg = Release|Any CPU
		{F106C699-AAA0-4F41-B189-344D88ABA4F0}.Release|Any CPU.Build.0 = Release|Any CPU
		{62DB6790-1966-4780-8874-A4FA269A9C3C}.Debug|Any CPU.ActiveCfg = Debug|Any CPU
		{62DB6790-1966-4780-8874-A4FA269A9C3C}.Debug|Any CPU.Build.0 = Debug|Any CPU
		{62DB6790-1966-4780-8874-A4FA269A9C3C}.Release|Any CPU.ActiveCfg = Release|Any CPU
		{62DB6790-1966-4780-8874-A4FA269A9C3C}.Release|Any CPU.Build.0 = Release|Any CPU
		{240CA7B3-5428-4951-9CE6-AE0DECC723D9}.Debug|Any CPU.ActiveCfg = Debug|Any CPU
		{240CA7B3-5428-4951-9CE6-AE0DECC723D9}.Debug|Any CPU.Build.0 = Debug|Any CPU
		{240CA7B3-5428-4951-9CE6-AE0DECC723D9}.Release|Any CPU.ActiveCfg = Release|Any CPU
		{240CA7B3-5428-4951-9CE6-AE0DECC723D9}.Release|Any CPU.Build.0 = Release|Any CPU
		{5612AC65-742F-4EB0-AC09-D8422EB6BEBD}.Debug|Any CPU.ActiveCfg = Debug|Any CPU
		{5612AC65-742F-4EB0-AC09-D8422EB6BEBD}.Debug|Any CPU.Build.0 = Debug|Any CPU
		{5612AC65-742F-4EB0-AC09-D8422EB6BEBD}.Release|Any CPU.ActiveCfg = Release|Any CPU
		{5612AC65-742F-4EB0-AC09-D8422EB6BEBD}.Release|Any CPU.Build.0 = Release|Any CPU
		{3CD30AE8-AFFB-4D69-837D-E95630AEB6E3}.Debug|Any CPU.ActiveCfg = Debug|Any CPU
		{3CD30AE8-AFFB-4D69-837D-E95630AEB6E3}.Debug|Any CPU.Build.0 = Debug|Any CPU
		{3CD30AE8-AFFB-4D69-837D-E95630AEB6E3}.Release|Any CPU.ActiveCfg = Release|Any CPU
		{3CD30AE8-AFFB-4D69-837D-E95630AEB6E3}.Release|Any CPU.Build.0 = Release|Any CPU
		{A3F5F5DD-481A-4BE6-8C4A-5A5F6989EEC6}.Debug|Any CPU.ActiveCfg = Debug|Any CPU
		{A3F5F5DD-481A-4BE6-8C4A-5A5F6989EEC6}.Debug|Any CPU.Build.0 = Debug|Any CPU
		{A3F5F5DD-481A-4BE6-8C4A-5A5F6989EEC6}.Release|Any CPU.ActiveCfg = Release|Any CPU
		{A3F5F5DD-481A-4BE6-8C4A-5A5F6989EEC6}.Release|Any CPU.Build.0 = Release|Any CPU
		{8CFA82A4-3D51-45F6-9556-27C30E45498B}.Debug|Any CPU.ActiveCfg = Debug|Any CPU
		{8CFA82A4-3D51-45F6-9556-27C30E45498B}.Debug|Any CPU.Build.0 = Debug|Any CPU
		{8CFA82A4-3D51-45F6-9556-27C30E45498B}.Release|Any CPU.ActiveCfg = Release|Any CPU
		{8CFA82A4-3D51-45F6-9556-27C30E45498B}.Release|Any CPU.Build.0 = Release|Any CPU
		{F2170982-361B-447C-B0C3-B9C6A37426FD}.Debug|Any CPU.ActiveCfg = Debug|Any CPU
		{F2170982-361B-447C-B0C3-B9C6A37426FD}.Debug|Any CPU.Build.0 = Debug|Any CPU
		{F2170982-361B-447C-B0C3-B9C6A37426FD}.Release|Any CPU.ActiveCfg = Release|Any CPU
		{F2170982-361B-447C-B0C3-B9C6A37426FD}.Release|Any CPU.Build.0 = Release|Any CPU
		{6CA01212-7549-4E52-A15D-B4BD7217302F}.Debug|Any CPU.ActiveCfg = Debug|Any CPU
		{6CA01212-7549-4E52-A15D-B4BD7217302F}.Debug|Any CPU.Build.0 = Debug|Any CPU
		{6CA01212-7549-4E52-A15D-B4BD7217302F}.Release|Any CPU.ActiveCfg = Release|Any CPU
		{6CA01212-7549-4E52-A15D-B4BD7217302F}.Release|Any CPU.Build.0 = Release|Any CPU
		{F0EB854E-2B09-45C3-9E5A-2B47B69A12AA}.Debug|Any CPU.ActiveCfg = Debug|Any CPU
		{F0EB854E-2B09-45C3-9E5A-2B47B69A12AA}.Debug|Any CPU.Build.0 = Debug|Any CPU
		{F0EB854E-2B09-45C3-9E5A-2B47B69A12AA}.Release|Any CPU.ActiveCfg = Release|Any CPU
		{F0EB854E-2B09-45C3-9E5A-2B47B69A12AA}.Release|Any CPU.Build.0 = Release|Any CPU
		{1D973416-A062-43D5-9CDA-BA89CC0D5DB5}.Debug|Any CPU.ActiveCfg = Debug|Any CPU
		{1D973416-A062-43D5-9CDA-BA89CC0D5DB5}.Debug|Any CPU.Build.0 = Debug|Any CPU
		{1D973416-A062-43D5-9CDA-BA89CC0D5DB5}.Release|Any CPU.ActiveCfg = Release|Any CPU
		{1D973416-A062-43D5-9CDA-BA89CC0D5DB5}.Release|Any CPU.Build.0 = Release|Any CPU
		{077B11F0-828A-4AD2-BEE0-236E3FD61F01}.Debug|Any CPU.ActiveCfg = Debug|Any CPU
		{077B11F0-828A-4AD2-BEE0-236E3FD61F01}.Debug|Any CPU.Build.0 = Debug|Any CPU
		{077B11F0-828A-4AD2-BEE0-236E3FD61F01}.Release|Any CPU.ActiveCfg = Release|Any CPU
		{077B11F0-828A-4AD2-BEE0-236E3FD61F01}.Release|Any CPU.Build.0 = Release|Any CPU
		{616AA865-37BF-4DA3-A921-6C2C63E09AAB}.Debug|Any CPU.ActiveCfg = Debug|Any CPU
		{616AA865-37BF-4DA3-A921-6C2C63E09AAB}.Debug|Any CPU.Build.0 = Debug|Any CPU
		{616AA865-37BF-4DA3-A921-6C2C63E09AAB}.Release|Any CPU.ActiveCfg = Release|Any CPU
		{616AA865-37BF-4DA3-A921-6C2C63E09AAB}.Release|Any CPU.Build.0 = Release|Any CPU
		{BE4D95BF-590F-4E5B-98F4-1FE2FC17FDD5}.Debug|Any CPU.ActiveCfg = Debug|Any CPU
		{BE4D95BF-590F-4E5B-98F4-1FE2FC17FDD5}.Debug|Any CPU.Build.0 = Debug|Any CPU
		{BE4D95BF-590F-4E5B-98F4-1FE2FC17FDD5}.Release|Any CPU.ActiveCfg = Release|Any CPU
		{BE4D95BF-590F-4E5B-98F4-1FE2FC17FDD5}.Release|Any CPU.Build.0 = Release|Any CPU
		{205BDC95-47FC-4E8F-99BA-4356E33EEA73}.Debug|Any CPU.ActiveCfg = Debug|Any CPU
		{205BDC95-47FC-4E8F-99BA-4356E33EEA73}.Debug|Any CPU.Build.0 = Debug|Any CPU
		{205BDC95-47FC-4E8F-99BA-4356E33EEA73}.Release|Any CPU.ActiveCfg = Release|Any CPU
		{205BDC95-47FC-4E8F-99BA-4356E33EEA73}.Release|Any CPU.Build.0 = Release|Any CPU
		{A9F5D1B3-A1E6-41DD-AFF0-2F0DA09CBF0F}.Debug|Any CPU.ActiveCfg = Debug|Any CPU
		{A9F5D1B3-A1E6-41DD-AFF0-2F0DA09CBF0F}.Debug|Any CPU.Build.0 = Debug|Any CPU
		{A9F5D1B3-A1E6-41DD-AFF0-2F0DA09CBF0F}.Release|Any CPU.ActiveCfg = Release|Any CPU
		{A9F5D1B3-A1E6-41DD-AFF0-2F0DA09CBF0F}.Release|Any CPU.Build.0 = Release|Any CPU
		{FF31E790-F568-4952-B07D-0063AA696FDE}.Debug|Any CPU.ActiveCfg = Debug|Any CPU
		{FF31E790-F568-4952-B07D-0063AA696FDE}.Debug|Any CPU.Build.0 = Debug|Any CPU
		{FF31E790-F568-4952-B07D-0063AA696FDE}.Release|Any CPU.ActiveCfg = Release|Any CPU
		{FF31E790-F568-4952-B07D-0063AA696FDE}.Release|Any CPU.Build.0 = Release|Any CPU
		{010BACC1-6EAA-4924-A99B-154CBE7AB94C}.Debug|Any CPU.ActiveCfg = Debug|Any CPU
		{010BACC1-6EAA-4924-A99B-154CBE7AB94C}.Debug|Any CPU.Build.0 = Debug|Any CPU
		{010BACC1-6EAA-4924-A99B-154CBE7AB94C}.Release|Any CPU.ActiveCfg = Release|Any CPU
		{010BACC1-6EAA-4924-A99B-154CBE7AB94C}.Release|Any CPU.Build.0 = Release|Any CPU
		{B6CACE68-9904-457D-A58B-1128CB8EA608}.Debug|Any CPU.ActiveCfg = Debug|Any CPU
		{B6CACE68-9904-457D-A58B-1128CB8EA608}.Debug|Any CPU.Build.0 = Debug|Any CPU
		{B6CACE68-9904-457D-A58B-1128CB8EA608}.Release|Any CPU.ActiveCfg = Release|Any CPU
		{B6CACE68-9904-457D-A58B-1128CB8EA608}.Release|Any CPU.Build.0 = Release|Any CPU
		{519AA36A-03A1-48DD-AD36-0940B4418FA3}.Debug|Any CPU.ActiveCfg = Debug|Any CPU
		{519AA36A-03A1-48DD-AD36-0940B4418FA3}.Debug|Any CPU.Build.0 = Debug|Any CPU
		{519AA36A-03A1-48DD-AD36-0940B4418FA3}.Release|Any CPU.ActiveCfg = Release|Any CPU
		{519AA36A-03A1-48DD-AD36-0940B4418FA3}.Release|Any CPU.Build.0 = Release|Any CPU
		{9436E37D-DBE9-4E23-9142-74CC6905F9B4}.Debug|Any CPU.ActiveCfg = Debug|Any CPU
		{9436E37D-DBE9-4E23-9142-74CC6905F9B4}.Debug|Any CPU.Build.0 = Debug|Any CPU
		{9436E37D-DBE9-4E23-9142-74CC6905F9B4}.Release|Any CPU.ActiveCfg = Release|Any CPU
		{9436E37D-DBE9-4E23-9142-74CC6905F9B4}.Release|Any CPU.Build.0 = Release|Any CPU
		{50028A54-4DE9-4895-AFEB-A768CA97ECB3}.Debug|Any CPU.ActiveCfg = Debug|Any CPU
		{50028A54-4DE9-4895-AFEB-A768CA97ECB3}.Debug|Any CPU.Build.0 = Debug|Any CPU
		{50028A54-4DE9-4895-AFEB-A768CA97ECB3}.Release|Any CPU.ActiveCfg = Release|Any CPU
		{50028A54-4DE9-4895-AFEB-A768CA97ECB3}.Release|Any CPU.Build.0 = Release|Any CPU
		{1933F618-5F5D-4507-BCC8-21988D03342F}.Debug|Any CPU.ActiveCfg = Debug|Any CPU
		{1933F618-5F5D-4507-BCC8-21988D03342F}.Debug|Any CPU.Build.0 = Debug|Any CPU
		{1933F618-5F5D-4507-BCC8-21988D03342F}.Release|Any CPU.ActiveCfg = Release|Any CPU
		{1933F618-5F5D-4507-BCC8-21988D03342F}.Release|Any CPU.Build.0 = Release|Any CPU
		{45C1E58D-C080-484C-BFD0-80FEE62E386C}.Debug|Any CPU.ActiveCfg = Debug|Any CPU
		{45C1E58D-C080-484C-BFD0-80FEE62E386C}.Debug|Any CPU.Build.0 = Debug|Any CPU
		{45C1E58D-C080-484C-BFD0-80FEE62E386C}.Release|Any CPU.ActiveCfg = Release|Any CPU
		{45C1E58D-C080-484C-BFD0-80FEE62E386C}.Release|Any CPU.Build.0 = Release|Any CPU
		{069A1AAE-CFFC-4135-9802-BA4ECA38E398}.Debug|Any CPU.ActiveCfg = Debug|Any CPU
		{069A1AAE-CFFC-4135-9802-BA4ECA38E398}.Debug|Any CPU.Build.0 = Debug|Any CPU
		{069A1AAE-CFFC-4135-9802-BA4ECA38E398}.Release|Any CPU.ActiveCfg = Release|Any CPU
		{069A1AAE-CFFC-4135-9802-BA4ECA38E398}.Release|Any CPU.Build.0 = Release|Any CPU
		{963412CB-F8BC-406D-A1E5-A6AF7FE77825}.Debug|Any CPU.ActiveCfg = Debug|Any CPU
		{963412CB-F8BC-406D-A1E5-A6AF7FE77825}.Debug|Any CPU.Build.0 = Debug|Any CPU
		{963412CB-F8BC-406D-A1E5-A6AF7FE77825}.Release|Any CPU.ActiveCfg = Release|Any CPU
		{963412CB-F8BC-406D-A1E5-A6AF7FE77825}.Release|Any CPU.Build.0 = Release|Any CPU
		{01929A84-8D2D-4929-BA39-360B3A009ECA}.Debug|Any CPU.ActiveCfg = Debug|Any CPU
		{01929A84-8D2D-4929-BA39-360B3A009ECA}.Debug|Any CPU.Build.0 = Debug|Any CPU
		{01929A84-8D2D-4929-BA39-360B3A009ECA}.Release|Any CPU.ActiveCfg = Release|Any CPU
		{01929A84-8D2D-4929-BA39-360B3A009ECA}.Release|Any CPU.Build.0 = Release|Any CPU
		{80963401-CFCD-40C0-8C26-E338711E2182}.Debug|Any CPU.ActiveCfg = Debug|Any CPU
		{80963401-CFCD-40C0-8C26-E338711E2182}.Debug|Any CPU.Build.0 = Debug|Any CPU
		{80963401-CFCD-40C0-8C26-E338711E2182}.Release|Any CPU.ActiveCfg = Release|Any CPU
		{80963401-CFCD-40C0-8C26-E338711E2182}.Release|Any CPU.Build.0 = Release|Any CPU
		{0BC63CAE-1AB3-4058-AAAF-474719B2802D}.Debug|Any CPU.ActiveCfg = Debug|Any CPU
		{0BC63CAE-1AB3-4058-AAAF-474719B2802D}.Debug|Any CPU.Build.0 = Debug|Any CPU
		{0BC63CAE-1AB3-4058-AAAF-474719B2802D}.Release|Any CPU.ActiveCfg = Release|Any CPU
		{0BC63CAE-1AB3-4058-AAAF-474719B2802D}.Release|Any CPU.Build.0 = Release|Any CPU
		{D56B0A3B-E02B-4912-8E45-FB72FB4C3AFB}.Debug|Any CPU.ActiveCfg = Debug|Any CPU
		{D56B0A3B-E02B-4912-8E45-FB72FB4C3AFB}.Debug|Any CPU.Build.0 = Debug|Any CPU
		{D56B0A3B-E02B-4912-8E45-FB72FB4C3AFB}.Release|Any CPU.ActiveCfg = Release|Any CPU
		{D56B0A3B-E02B-4912-8E45-FB72FB4C3AFB}.Release|Any CPU.Build.0 = Release|Any CPU
		{F1540153-DB16-4B6E-91C6-2D5671DD9DBF}.Debug|Any CPU.ActiveCfg = Debug|Any CPU
		{F1540153-DB16-4B6E-91C6-2D5671DD9DBF}.Debug|Any CPU.Build.0 = Debug|Any CPU
		{F1540153-DB16-4B6E-91C6-2D5671DD9DBF}.Release|Any CPU.ActiveCfg = Release|Any CPU
		{F1540153-DB16-4B6E-91C6-2D5671DD9DBF}.Release|Any CPU.Build.0 = Release|Any CPU
		{144CFED7-053E-4C9D-9C6F-0AFB50F8E13E}.Debug|Any CPU.ActiveCfg = Debug|Any CPU
		{144CFED7-053E-4C9D-9C6F-0AFB50F8E13E}.Debug|Any CPU.Build.0 = Debug|Any CPU
		{144CFED7-053E-4C9D-9C6F-0AFB50F8E13E}.Release|Any CPU.ActiveCfg = Release|Any CPU
		{144CFED7-053E-4C9D-9C6F-0AFB50F8E13E}.Release|Any CPU.Build.0 = Release|Any CPU
		{BA951846-6CA7-47A0-9407-7A7AD0141360}.Debug|Any CPU.ActiveCfg = Debug|Any CPU
		{BA951846-6CA7-47A0-9407-7A7AD0141360}.Debug|Any CPU.Build.0 = Debug|Any CPU
		{BA951846-6CA7-47A0-9407-7A7AD0141360}.Release|Any CPU.ActiveCfg = Release|Any CPU
		{BA951846-6CA7-47A0-9407-7A7AD0141360}.Release|Any CPU.Build.0 = Release|Any CPU
		{AF1F8A28-F625-4F2B-BBCB-1B74699C73FB}.Debug|Any CPU.ActiveCfg = Debug|Any CPU
		{AF1F8A28-F625-4F2B-BBCB-1B74699C73FB}.Debug|Any CPU.Build.0 = Debug|Any CPU
		{AF1F8A28-F625-4F2B-BBCB-1B74699C73FB}.Release|Any CPU.ActiveCfg = Release|Any CPU
		{AF1F8A28-F625-4F2B-BBCB-1B74699C73FB}.Release|Any CPU.Build.0 = Release|Any CPU
		{D6C7712C-3A1B-4AEF-A732-B2921A78A9A1}.Debug|Any CPU.ActiveCfg = Debug|Any CPU
		{D6C7712C-3A1B-4AEF-A732-B2921A78A9A1}.Debug|Any CPU.Build.0 = Debug|Any CPU
		{D6C7712C-3A1B-4AEF-A732-B2921A78A9A1}.Release|Any CPU.ActiveCfg = Release|Any CPU
		{D6C7712C-3A1B-4AEF-A732-B2921A78A9A1}.Release|Any CPU.Build.0 = Release|Any CPU
		{8A9947DA-06FB-4C1C-A06E-E82808EC74E1}.Debug|Any CPU.ActiveCfg = Debug|Any CPU
		{8A9947DA-06FB-4C1C-A06E-E82808EC74E1}.Debug|Any CPU.Build.0 = Debug|Any CPU
		{8A9947DA-06FB-4C1C-A06E-E82808EC74E1}.Release|Any CPU.ActiveCfg = Release|Any CPU
		{8A9947DA-06FB-4C1C-A06E-E82808EC74E1}.Release|Any CPU.Build.0 = Release|Any CPU
		{E782B2CF-C09C-4BFA-B1E4-A54248B6B77E}.Debug|Any CPU.ActiveCfg = Debug|Any CPU
		{E782B2CF-C09C-4BFA-B1E4-A54248B6B77E}.Debug|Any CPU.Build.0 = Debug|Any CPU
		{E782B2CF-C09C-4BFA-B1E4-A54248B6B77E}.Release|Any CPU.ActiveCfg = Release|Any CPU
		{E782B2CF-C09C-4BFA-B1E4-A54248B6B77E}.Release|Any CPU.Build.0 = Release|Any CPU
		{56E52835-CDDC-43C9-91C7-B9397123A626}.Debug|Any CPU.ActiveCfg = Debug|Any CPU
		{56E52835-CDDC-43C9-91C7-B9397123A626}.Debug|Any CPU.Build.0 = Debug|Any CPU
		{56E52835-CDDC-43C9-91C7-B9397123A626}.Release|Any CPU.ActiveCfg = Release|Any CPU
		{56E52835-CDDC-43C9-91C7-B9397123A626}.Release|Any CPU.Build.0 = Release|Any CPU
		{A41743B4-8E20-41C0-A54F-D0FAE181D262}.Debug|Any CPU.ActiveCfg = Debug|Any CPU
		{A41743B4-8E20-41C0-A54F-D0FAE181D262}.Debug|Any CPU.Build.0 = Debug|Any CPU
		{A41743B4-8E20-41C0-A54F-D0FAE181D262}.Release|Any CPU.ActiveCfg = Release|Any CPU
		{A41743B4-8E20-41C0-A54F-D0FAE181D262}.Release|Any CPU.Build.0 = Release|Any CPU
		{54F3C02A-AEB7-460F-8A84-B3D7A4EEE127}.Debug|Any CPU.ActiveCfg = Debug|Any CPU
		{54F3C02A-AEB7-460F-8A84-B3D7A4EEE127}.Debug|Any CPU.Build.0 = Debug|Any CPU
		{54F3C02A-AEB7-460F-8A84-B3D7A4EEE127}.Release|Any CPU.ActiveCfg = Release|Any CPU
		{54F3C02A-AEB7-460F-8A84-B3D7A4EEE127}.Release|Any CPU.Build.0 = Release|Any CPU
		{D32A1880-4C55-4475-87B0-7446AB13AD87}.Debug|Any CPU.ActiveCfg = Debug|Any CPU
		{D32A1880-4C55-4475-87B0-7446AB13AD87}.Debug|Any CPU.Build.0 = Debug|Any CPU
		{D32A1880-4C55-4475-87B0-7446AB13AD87}.Release|Any CPU.ActiveCfg = Release|Any CPU
		{D32A1880-4C55-4475-87B0-7446AB13AD87}.Release|Any CPU.Build.0 = Release|Any CPU
		{4F67688F-99CA-423B-9230-E53976610050}.Debug|Any CPU.ActiveCfg = Debug|Any CPU
		{4F67688F-99CA-423B-9230-E53976610050}.Debug|Any CPU.Build.0 = Debug|Any CPU
		{4F67688F-99CA-423B-9230-E53976610050}.Release|Any CPU.ActiveCfg = Release|Any CPU
		{4F67688F-99CA-423B-9230-E53976610050}.Release|Any CPU.Build.0 = Release|Any CPU
		{2ECE358E-51D1-49FE-8A84-AFEF57CED5AD}.Debug|Any CPU.ActiveCfg = Debug|Any CPU
		{2ECE358E-51D1-49FE-8A84-AFEF57CED5AD}.Debug|Any CPU.Build.0 = Debug|Any CPU
		{2ECE358E-51D1-49FE-8A84-AFEF57CED5AD}.Release|Any CPU.ActiveCfg = Release|Any CPU
		{2ECE358E-51D1-49FE-8A84-AFEF57CED5AD}.Release|Any CPU.Build.0 = Release|Any CPU
		{1C0F1E16-97C2-4CA7-9B34-1A3863C0EDB3}.Debug|Any CPU.ActiveCfg = Debug|Any CPU
		{1C0F1E16-97C2-4CA7-9B34-1A3863C0EDB3}.Debug|Any CPU.Build.0 = Debug|Any CPU
		{1C0F1E16-97C2-4CA7-9B34-1A3863C0EDB3}.Release|Any CPU.ActiveCfg = Release|Any CPU
		{1C0F1E16-97C2-4CA7-9B34-1A3863C0EDB3}.Release|Any CPU.Build.0 = Release|Any CPU
		{627904D9-8AB4-47DF-9014-F30623EF1D1C}.Debug|Any CPU.ActiveCfg = Debug|Any CPU
		{627904D9-8AB4-47DF-9014-F30623EF1D1C}.Debug|Any CPU.Build.0 = Debug|Any CPU
		{627904D9-8AB4-47DF-9014-F30623EF1D1C}.Release|Any CPU.ActiveCfg = Release|Any CPU
		{627904D9-8AB4-47DF-9014-F30623EF1D1C}.Release|Any CPU.Build.0 = Release|Any CPU
		{A8828014-8061-47A7-BDFB-40EF47B0E5C4}.Debug|Any CPU.ActiveCfg = Debug|Any CPU
		{A8828014-8061-47A7-BDFB-40EF47B0E5C4}.Debug|Any CPU.Build.0 = Debug|Any CPU
		{A8828014-8061-47A7-BDFB-40EF47B0E5C4}.Release|Any CPU.ActiveCfg = Release|Any CPU
		{A8828014-8061-47A7-BDFB-40EF47B0E5C4}.Release|Any CPU.Build.0 = Release|Any CPU
	EndGlobalSection
	GlobalSection(SolutionProperties) = preSolution
		HideSolutionNode = FALSE
	EndGlobalSection
	GlobalSection(NestedProjects) = preSolution
		{5900D8A8-135A-4ABA-9BA9-7977458DEF96} = {71078BC8-D038-4603-A84A-84BAFDEC4D8B}
		{4DC6BE36-0A44-491B-9FCC-0858E8BB70BD} = {5900D8A8-135A-4ABA-9BA9-7977458DEF96}
		{E357D4FB-AE53-48B6-B57C-126B174E8829} = {5900D8A8-135A-4ABA-9BA9-7977458DEF96}
		{C59BD8D8-9DE6-4C9C-A07D-18A4F5CE84CE} = {71078BC8-D038-4603-A84A-84BAFDEC4D8B}
		{82A04DB5-A1E0-4D3F-8464-BBABC87E586F} = {C59BD8D8-9DE6-4C9C-A07D-18A4F5CE84CE}
		{82BC73FF-6471-4F45-82AE-4CAF794E7132} = {71078BC8-D038-4603-A84A-84BAFDEC4D8B}
		{EA97517D-BE88-48A2-8C94-B6C61E1D01C8} = {82BC73FF-6471-4F45-82AE-4CAF794E7132}
		{B579A5A9-C139-400B-94F8-20203324FA38} = {91F85F9D-455D-4D75-86CE-E71650F07CD1}
		{D1465D05-4A83-4962-9473-9AF80CBA0CCB} = {B579A5A9-C139-400B-94F8-20203324FA38}
		{D489F283-B26F-48EE-B63E-9419ED9E1953} = {78B28C80-CE82-4DC1-88FA-37BA7DDF92E9}
		{0E552991-F217-4E7F-B47B-C37353FAE70E} = {D489F283-B26F-48EE-B63E-9419ED9E1953}
		{1BE0E9D9-5D43-4222-90D9-7BDD721F4637} = {B579A5A9-C139-400B-94F8-20203324FA38}
		{2F4C550D-C78D-467B-AA35-58BC01886A3D} = {78B28C80-CE82-4DC1-88FA-37BA7DDF92E9}
		{F8BB760B-C508-40ED-ABD0-65082C75366C} = {2F4C550D-C78D-467B-AA35-58BC01886A3D}
		{72AD4ECF-ECDC-450B-9B10-1755BBE5CCA2} = {2F4C550D-C78D-467B-AA35-58BC01886A3D}
		{3A940E2B-58D2-477D-B831-05330C399E17} = {78B28C80-CE82-4DC1-88FA-37BA7DDF92E9}
		{F56BCEB2-7970-4D33-8600-990C45F1D150} = {3A940E2B-58D2-477D-B831-05330C399E17}
		{AB5965AF-A854-4EF3-B62A-4C165FCA7DFD} = {3A940E2B-58D2-477D-B831-05330C399E17}
		{61494882-6519-4C63-95D2-BFCABD3A1A9A} = {94FE9E44-1D7D-4D4B-B161-CB8F159F6BB8}
		{91F184F5-6A02-4E75-8633-8F8C3D85C30D} = {61494882-6519-4C63-95D2-BFCABD3A1A9A}
		{0EFC3334-BE41-4E15-A7FF-D1BC016A465C} = {504A89F8-81EC-42B1-AC59-F9D8441D18BF}
		{EBD4A047-E848-4E1A-A436-438B818758E5} = {9F0755C1-90C8-43CB-A170-AE3A4ACE94CB}
		{246CFF76-22F4-4AAD-821E-96EABEE6F92A} = {EBD4A047-E848-4E1A-A436-438B818758E5}
		{1B556F6B-AEA2-441C-9CB1-BB3DAE3C6824} = {EBD4A047-E848-4E1A-A436-438B818758E5}
		{DCF89072-B4EA-4345-90B3-0A93B11AAA76} = {EBD4A047-E848-4E1A-A436-438B818758E5}
		{11020137-17B1-4B23-B917-DF03012DB191} = {5A744E79-A532-4DF0-9507-141E544CA1F3}
		{0CA9C83E-04C2-43E6-9D18-521EA49DA6A7} = {58C93D8E-526C-482F-9148-20148E67A9B5}
		{75E813CC-5998-480C-B607-510DE33E1630} = {0CA9C83E-04C2-43E6-9D18-521EA49DA6A7}
		{F8E7E820-E655-4B27-8E59-5BA6A944AF3D} = {9F0755C1-90C8-43CB-A170-AE3A4ACE94CB}
		{AA9B4D31-5B95-4478-A093-893A6106CCFB} = {F8E7E820-E655-4B27-8E59-5BA6A944AF3D}
		{4C18BFD3-DCDA-466F-B2ED-E39F267A3A85} = {94FE9E44-1D7D-4D4B-B161-CB8F159F6BB8}
		{239434A6-1F6C-45A0-8540-57E67CE04425} = {4C18BFD3-DCDA-466F-B2ED-E39F267A3A85}
		{2920D4F3-93F2-472F-9F52-7FA2FE9CAE45} = {4C18BFD3-DCDA-466F-B2ED-E39F267A3A85}
		{0D2F35CC-5728-40A3-8EDD-93E9381AE034} = {D9E26A46-58BA-49BC-A83D-723CA5C75294}
		{160A5B7B-E738-4A9C-81FE-AE2EC77929A0} = {B905C3F2-56E4-4588-80D8-F3F887CD3BF5}
		{C3904F7E-A64F-438E-916B-DC61DDFFBC66} = {91400909-C932-44D4-A201-C3D34565D88B}
		{BDFA11CC-4DD1-496B-BAE1-652D91A4BC41} = {C9684A2F-BAAF-4050-97EF-EBC3ED83B185}
		{AEE0B5D4-D77C-4F05-99B7-6F59809AEA2B} = {94FE9E44-1D7D-4D4B-B161-CB8F159F6BB8}
		{CF402B3B-94A6-47D8-AA09-C3DC873A06D8} = {AEE0B5D4-D77C-4F05-99B7-6F59809AEA2B}
		{9E051E7B-DA03-44B7-A7BD-2E51002A15B2} = {94FE9E44-1D7D-4D4B-B161-CB8F159F6BB8}
		{1380CA37-C84B-44A1-8620-80992107907B} = {9E051E7B-DA03-44B7-A7BD-2E51002A15B2}
		{2AC956E8-D376-4632-BEB3-8EBBFFC93995} = {F6B25818-3C0A-42E2-A68E-0D9E333DB5F2}
		{E92B71D2-2CBE-41B7-88CD-EA133D5D8A2D} = {098F50E7-654C-48DF-8915-231982E2454B}
		{EAE73B3F-7FC3-444F-8A10-770848D01409} = {5A07DE9A-84BE-4C44-9E74-4CCBBD258E6E}
		{6F9A83AC-15F9-43AC-832B-14B6C0F0212F} = {EAE73B3F-7FC3-444F-8A10-770848D01409}
		{5181B9D1-1B56-4B29-B976-9EBD7BFC2992} = {EAE73B3F-7FC3-444F-8A10-770848D01409}
		{E3D46E9E-EB28-45FF-858C-B3206DBC06FB} = {EAE73B3F-7FC3-444F-8A10-770848D01409}
		{F26898E6-2F31-47A0-93FB-5A73411A4DD0} = {5A07DE9A-84BE-4C44-9E74-4CCBBD258E6E}
		{006E510F-08D5-44A2-9462-9AC18E4504B8} = {F26898E6-2F31-47A0-93FB-5A73411A4DD0}
		{0657D62B-1757-492D-BFD2-8BF8394F7F6D} = {F26898E6-2F31-47A0-93FB-5A73411A4DD0}
		{9C1B8011-4A7D-4C2E-8846-D111A2C55D81} = {F26898E6-2F31-47A0-93FB-5A73411A4DD0}
		{5EF93D36-7AA5-47AB-A315-83FF67DF1567} = {441ECABC-BE31-48FC-8DFA-E0BE180D2835}
		{C2467CA2-3CCF-485E-B03C-4F3064383183} = {5EF93D36-7AA5-47AB-A315-83FF67DF1567}
		{54151B3E-F573-453C-B65D-F8A4CD54C325} = {5EF93D36-7AA5-47AB-A315-83FF67DF1567}
		{F785F962-867B-4D23-A428-06909486E957} = {5EF93D36-7AA5-47AB-A315-83FF67DF1567}
		{F106C699-AAA0-4F41-B189-344D88ABA4F0} = {F785F962-867B-4D23-A428-06909486E957}
		{62DB6790-1966-4780-8874-A4FA269A9C3C} = {F785F962-867B-4D23-A428-06909486E957}
		{240CA7B3-5428-4951-9CE6-AE0DECC723D9} = {F785F962-867B-4D23-A428-06909486E957}
		{D2A10293-2DB1-4A78-8289-00EAC534953A} = {7FABFC71-5DB4-431D-8683-A5C7A38C5833}
		{6C01EA9A-8CE2-401B-A548-0BADC30ACB20} = {5335D781-0F41-4EB8-B022-948D30B18C65}
		{A671126D-3987-4056-8548-D327BF9A770C} = {9F0755C1-90C8-43CB-A170-AE3A4ACE94CB}
		{344F00D1-96E0-4EB1-80B8-E0765197AC42} = {A671126D-3987-4056-8548-D327BF9A770C}
		{5612AC65-742F-4EB0-AC09-D8422EB6BEBD} = {A671126D-3987-4056-8548-D327BF9A770C}
		{1E94B99A-AA12-4EAA-A16C-8220C1443160} = {5A07DE9A-84BE-4C44-9E74-4CCBBD258E6E}
		{519A8612-ACAD-418B-BC33-FAEA51E24733} = {1E94B99A-AA12-4EAA-A16C-8220C1443160}
		{3CD30AE8-AFFB-4D69-837D-E95630AEB6E3} = {1E94B99A-AA12-4EAA-A16C-8220C1443160}
		{51C4E4C2-33AA-495E-8D69-6523602B0313} = {23D9A946-AD8D-4DDD-ACBC-A4692F5C8E7B}
		{4BB4E9ED-A731-4742-A4C0-849F2ED26797} = {354B2D84-2614-4F4A-AE35-DC0526D0D69F}
		{03CB60B8-318B-46DF-9D1B-41C931F5A12D} = {D9E26A46-58BA-49BC-A83D-723CA5C75294}
		{7F1BE3C4-F6B3-4A4F-ABEA-7FD3C3B0DF13} = {C59BD8D8-9DE6-4C9C-A07D-18A4F5CE84CE}
		{D4BB069E-2023-426C-93F7-9B7402828660} = {82BC73FF-6471-4F45-82AE-4CAF794E7132}
		{066FB5D3-D184-4F05-85A0-48BEC7AF9375} = {F8E7E820-E655-4B27-8E59-5BA6A944AF3D}
		{A3F5F5DD-481A-4BE6-8C4A-5A5F6989EEC6} = {61494882-6519-4C63-95D2-BFCABD3A1A9A}
		{CB81E7F6-FE31-4CF7-BB91-FBB7C97A9CA8} = {9E051E7B-DA03-44B7-A7BD-2E51002A15B2}
		{B23EA579-E9E8-4A5C-AAF3-CAF1D2A79367} = {AEE0B5D4-D77C-4F05-99B7-6F59809AEA2B}
		{C0E0E858-7BEB-4C77-92AA-3BB30267E117} = {0CA9C83E-04C2-43E6-9D18-521EA49DA6A7}
		{8CFA82A4-3D51-45F6-9556-27C30E45498B} = {354B2D84-2614-4F4A-AE35-DC0526D0D69F}
		{F2170982-361B-447C-B0C3-B9C6A37426FD} = {7FABFC71-5DB4-431D-8683-A5C7A38C5833}
		{6CA01212-7549-4E52-A15D-B4BD7217302F} = {5335D781-0F41-4EB8-B022-948D30B18C65}
		{F0EB854E-2B09-45C3-9E5A-2B47B69A12AA} = {B905C3F2-56E4-4588-80D8-F3F887CD3BF5}
		{1D973416-A062-43D5-9CDA-BA89CC0D5DB5} = {C9684A2F-BAAF-4050-97EF-EBC3ED83B185}
		{077B11F0-828A-4AD2-BEE0-236E3FD61F01} = {C9684A2F-BAAF-4050-97EF-EBC3ED83B185}
		{616AA865-37BF-4DA3-A921-6C2C63E09AAB} = {F6B25818-3C0A-42E2-A68E-0D9E333DB5F2}
		{BE4D95BF-590F-4E5B-98F4-1FE2FC17FDD5} = {098F50E7-654C-48DF-8915-231982E2454B}
		{205BDC95-47FC-4E8F-99BA-4356E33EEA73} = {098F50E7-654C-48DF-8915-231982E2454B}
		{180516E2-B538-4C8E-AD42-E04D5E03E7DC} = {A1C1BD89-2377-496C-946B-F2156D20E7F9}
		{0E236B1E-F8AD-498A-B113-F32BA0BC10B2} = {180516E2-B538-4C8E-AD42-E04D5E03E7DC}
		{A9F5D1B3-A1E6-41DD-AFF0-2F0DA09CBF0F} = {180516E2-B538-4C8E-AD42-E04D5E03E7DC}
		{FF31E790-F568-4952-B07D-0063AA696FDE} = {23D9A946-AD8D-4DDD-ACBC-A4692F5C8E7B}
		{010BACC1-6EAA-4924-A99B-154CBE7AB94C} = {91400909-C932-44D4-A201-C3D34565D88B}
		{B6CACE68-9904-457D-A58B-1128CB8EA608} = {91400909-C932-44D4-A201-C3D34565D88B}
		{519AA36A-03A1-48DD-AD36-0940B4418FA3} = {504A89F8-81EC-42B1-AC59-F9D8441D18BF}
		{9436E37D-DBE9-4E23-9142-74CC6905F9B4} = {504A89F8-81EC-42B1-AC59-F9D8441D18BF}
		{50028A54-4DE9-4895-AFEB-A768CA97ECB3} = {5A744E79-A532-4DF0-9507-141E544CA1F3}
		{1C634B56-5B3C-4A51-B1DB-B7B7CEC390A7} = {A1C1BD89-2377-496C-946B-F2156D20E7F9}
		{F29A42CD-49CC-4D09-8650-F59991AF1562} = {1C634B56-5B3C-4A51-B1DB-B7B7CEC390A7}
		{1933F618-5F5D-4507-BCC8-21988D03342F} = {1C634B56-5B3C-4A51-B1DB-B7B7CEC390A7}
		{5933BFF7-A4FF-46FD-A619-A82591FFA675} = {D489F283-B26F-48EE-B63E-9419ED9E1953}
		{1ABC8C68-228F-4D8D-B019-FB1A24B8D4C6} = {61FABA89-6A5A-4465-A56F-9D1DF4F03CC9}
		{45C1E58D-C080-484C-BFD0-80FEE62E386C} = {FB735C7A-E599-46B7-9F86-B9E538AD1FA4}
		{A7D54501-C648-44C7-8DB5-C484BE73BE9A} = {F6B25818-3C0A-42E2-A68E-0D9E333DB5F2}
		{F468256F-E929-4B39-89F7-2FF121164E8E} = {A7D54501-C648-44C7-8DB5-C484BE73BE9A}
		{069A1AAE-CFFC-4135-9802-BA4ECA38E398} = {A7D54501-C648-44C7-8DB5-C484BE73BE9A}
		{963412CB-F8BC-406D-A1E5-A6AF7FE77825} = {544D9BFB-41D6-435C-820C-3DE699830159}
		{01929A84-8D2D-4929-BA39-360B3A009ECA} = {5900D8A8-135A-4ABA-9BA9-7977458DEF96}
		{EAC12C4C-83BF-452A-81C0-5275456829E5} = {544D9BFB-41D6-435C-820C-3DE699830159}
		{CA85231A-2260-4CA3-925E-B7857C7EC223} = {FB735C7A-E599-46B7-9F86-B9E538AD1FA4}
		{38940F5E-EA23-46CA-9E9F-A1BD486DB649} = {71078BC8-D038-4603-A84A-84BAFDEC4D8B}
		{58579A0B-3240-4953-A02F-301DDE3493D4} = {38940F5E-EA23-46CA-9E9F-A1BD486DB649}
		{80963401-CFCD-40C0-8C26-E338711E2182} = {38940F5E-EA23-46CA-9E9F-A1BD486DB649}
		{0BC63CAE-1AB3-4058-AAAF-474719B2802D} = {38940F5E-EA23-46CA-9E9F-A1BD486DB649}
		{D56B0A3B-E02B-4912-8E45-FB72FB4C3AFB} = {0CA9C83E-04C2-43E6-9D18-521EA49DA6A7}
		{D25A3995-8D96-49FB-B6C0-1CE899E20865} = {D2280B84-930C-40D4-97A3-F270B1896B5A}
		{AE168D26-F1FF-4655-B5BA-F8CB45A00314} = {D2280B84-930C-40D4-97A3-F270B1896B5A}
		{F1540153-DB16-4B6E-91C6-2D5671DD9DBF} = {D25A3995-8D96-49FB-B6C0-1CE899E20865}
		{A28FB33C-339A-4EF4-AEBD-17B565C1B000} = {D25A3995-8D96-49FB-B6C0-1CE899E20865}
		{357928D1-5C67-47CA-9976-83A7303CF00C} = {A28FB33C-339A-4EF4-AEBD-17B565C1B000}
		{BDA14551-22EC-46E4-BD65-47EAF979A5AE} = {AE168D26-F1FF-4655-B5BA-F8CB45A00314}
		{144CFED7-053E-4C9D-9C6F-0AFB50F8E13E} = {AE168D26-F1FF-4655-B5BA-F8CB45A00314}
		{D6C7712C-3A1B-4AEF-A732-B2921A78A9A1} = {9837F1A5-FC16-4070-A530-645E40A49497}
		{8A9947DA-06FB-4C1C-A06E-E82808EC74E1} = {9837F1A5-FC16-4070-A530-645E40A49497}
		{A5B4D24E-2A46-40D9-B89C-8C3032861659} = {9837F1A5-FC16-4070-A530-645E40A49497}
		{4368DA40-682E-45C7-93DB-3572014ABFC0} = {9837F1A5-FC16-4070-A530-645E40A49497}
		{E782B2CF-C09C-4BFA-B1E4-A54248B6B77E} = {4368DA40-682E-45C7-93DB-3572014ABFC0}
		{15A56B31-7CF2-4849-94A4-76F6FD55C218} = {5A744E79-A532-4DF0-9507-141E544CA1F3}
		{56E52835-CDDC-43C9-91C7-B9397123A626} = {15A56B31-7CF2-4849-94A4-76F6FD55C218}
		{A41743B4-8E20-41C0-A54F-D0FAE181D262} = {15A56B31-7CF2-4849-94A4-76F6FD55C218}
		{54F3C02A-AEB7-460F-8A84-B3D7A4EEE127} = {15A56B31-7CF2-4849-94A4-76F6FD55C218}
		{D32A1880-4C55-4475-87B0-7446AB13AD87} = {15A56B31-7CF2-4849-94A4-76F6FD55C218}
		{4F67688F-99CA-423B-9230-E53976610050} = {15A56B31-7CF2-4849-94A4-76F6FD55C218}
		{2ECE358E-51D1-49FE-8A84-AFEF57CED5AD} = {15A56B31-7CF2-4849-94A4-76F6FD55C218}
		{A00DC992-E963-4AC4-B3C7-A4FD23548BBC} = {7FABFC71-5DB4-431D-8683-A5C7A38C5833}
		{1C0F1E16-97C2-4CA7-9B34-1A3863C0EDB3} = {A00DC992-E963-4AC4-B3C7-A4FD23548BBC}
		{C16F53D5-1CA1-46EE-BF9F-611E8D30F31C} = {F26898E6-2F31-47A0-93FB-5A73411A4DD0}
		{627904D9-8AB4-47DF-9014-F30623EF1D1C} = {C16F53D5-1CA1-46EE-BF9F-611E8D30F31C}
		{A8828014-8061-47A7-BDFB-40EF47B0E5C4} = {C16F53D5-1CA1-46EE-BF9F-611E8D30F31C}
	EndGlobalSection
	GlobalSection(ExtensibilityGlobals) = postSolution
		SolutionGuid = {F59BAF6C-0E34-4F38-A0E7-2227592118CE}
	EndGlobalSection
EndGlobal
